{
  "version": 4,
  "terraform_version": "1.15.6",
  "serial": 1,
  "lineage": "212d29dc-b654-d3b1-db29-e6b4ca58f377",
  "outputs": {},
  "resources": [
    {
      "module": "module.networking",
      "mode": "managed",
      "type": "aws_vpc",
      "name": "this",
      "provider": "provider[\"registry.terraform.io/hashicorp/aws\"]",
      "instances": [
        {
          "schema_version": 1,
          "attributes": {
            "arn": "arn:aws:ec2:af-south-1:396913737059:vpc/vpc-06d024d4c88d7431f",
            "assign_generated_ipv6_cidr_block": false,
            "cidr_block": "10.0.0.0/16",
            "default_network_acl_id": "acl-047dde726d2861b84",
            "default_route_table_id": "rtb-0713bc53ee65a4d31",
            "default_security_group_id": "sg-0940afe0ff3c81b96",
            "dhcp_options_id": "dopt-0967ca4c2191b59d2",
            "enable_dns_hostnames": true,
            "enable_dns_support": true,
            "enable_network_address_usage_metrics": false,
            "id": "vpc-06d024d4c88d7431f",
            "instance_tenancy": "default",
            "ipv4_ipam_pool_id": null,
            "ipv4_netmask_length": null,
            "ipv6_association_id": "",
            "ipv6_cidr_block": "",
            "ipv6_cidr_block_network_border_group": "",
            "ipv6_ipam_pool_id": "",
            "ipv6_netmask_length": 0,
            "main_route_table_id": "rtb-0713bc53ee65a4d31",
            "owner_id": "396913737059",
            "region": "af-south-1",
            "tags": {
              "Environment": "dev",
              "Name": "cvm-dev-vpc"
            },
            "tags_all": {
              "Environment": "dev",
              "Name": "cvm-dev-vpc"
            }
          },
          "sensitive_attributes": [],
          "identity_schema_version": 0,
          "identity": {
            "account_id": "396913737059",
            "id": "vpc-06d024d4c88d7431f",
            "region": "af-south-1"
          },
          "private": "eyJzY2hlbWFfdmVyc2lvbiI6IjEifQ=="
        }
      ]
    }
  ],
  "check_results": null
}
