{
  "version": 4,
  "terraform_version": "1.15.6",
  "serial": 69,
  "lineage": "212d29dc-b654-d3b1-db29-e6b4ca58f377",
  "outputs": {
    "platform_kms_key_arn": {
      "value": "arn:aws:kms:af-south-1:396913737059:key/0dcf0266-d9bd-48c9-9e27-b095c936a070",
      "type": "string"
    },
    "private_subnet_ids": {
      "value": [
        "subnet-0d2333f695d6f688f",
        "subnet-0a592ce9b8f45b0d9"
      ],
      "type": [
        "tuple",
        [
          "string",
          "string"
        ]
      ]
    },
    "public_subnet_ids": {
      "value": [
        "subnet-0b294dbc0092df072",
        "subnet-02d3be19ecc81e3da"
      ],
      "type": [
        "tuple",
        [
          "string",
          "string"
        ]
      ]
    },
    "vpc_id": {
      "value": "vpc-06d024d4c88d7431f",
      "type": "string"
    }
  },
  "resources": [
    {
      "module": "module.eventbridge",
      "mode": "managed",
      "type": "aws_cloudwatch_event_rule",
      "name": "s3_object_created",
      "provider": "provider[\"registry.terraform.io/hashicorp/aws\"]",
      "instances": [
        {
          "schema_version": 1,
          "attributes": {
            "arn": "arn:aws:events:af-south-1:396913737059:rule/cvm-dev-s3-object-created",
            "description": "Trigger Lambda when a new object is uploaded to the data lake bucket",
            "event_bus_name": "default",
            "event_pattern": "{\"detail\":{\"bucket\":{\"name\":[\"falcorp-cvm-dev-datalake\"]},\"object\":{\"key\":[{\"prefix\":\"landing/\"}]}},\"detail-type\":[\"Object Created\"],\"source\":[\"aws.s3\"]}",
            "force_destroy": false,
            "id": "cvm-dev-s3-object-created",
            "is_enabled": true,
            "name": "cvm-dev-s3-object-created",
            "name_prefix": "",
            "region": "af-south-1",
            "role_arn": "",
            "schedule_expression": "",
            "state": "ENABLED",
            "tags": {
              "Environment": "dev",
              "Name": "cvm-dev-s3-object-created"
            },
            "tags_all": {
              "Environment": "dev",
              "Name": "cvm-dev-s3-object-created"
            }
          },
          "sensitive_attributes": [],
          "identity_schema_version": 0,
          "identity": {
            "account_id": "396913737059",
            "name": "cvm-dev-s3-object-created",
            "region": "af-south-1"
          },
          "private": "eyJzY2hlbWFfdmVyc2lvbiI6IjEifQ==",
          "dependencies": [
            "module.s3.aws_s3_bucket.datalake"
          ]
        }
      ]
    },
    {
      "module": "module.eventbridge",
      "mode": "managed",
      "type": "aws_cloudwatch_event_target",
      "name": "lambda",
      "provider": "provider[\"registry.terraform.io/hashicorp/aws\"]",
      "instances": [
        {
          "schema_version": 1,
          "attributes": {
            "appsync_target": [],
            "arn": "arn:aws:lambda:af-south-1:396913737059:function:cvm-dev-schema-validator",
            "batch_target": [],
            "dead_letter_config": [],
            "ecs_target": [],
            "event_bus_name": "default",
            "force_destroy": false,
            "http_target": [],
            "id": "cvm-dev-s3-object-created-schema-validator-lambda",
            "input": "",
            "input_path": "",
            "input_transformer": [],
            "kinesis_target": [],
            "redshift_target": [],
            "region": "af-south-1",
            "retry_policy": [],
            "role_arn": "",
            "rule": "cvm-dev-s3-object-created",
            "run_command_targets": [],
            "sagemaker_pipeline_target": [],
            "sqs_target": [],
            "target_id": "schema-validator-lambda"
          },
          "sensitive_attributes": [],
          "identity_schema_version": 0,
          "identity": {
            "account_id": "396913737059",
            "event_bus_name": "default",
            "region": "af-south-1",
            "rule": "cvm-dev-s3-object-created",
            "target_id": "schema-validator-lambda"
          },
          "private": "eyJzY2hlbWFfdmVyc2lvbiI6IjEifQ==",
          "dependencies": [
            "module.eventbridge.aws_cloudwatch_event_rule.s3_object_created",
            "module.lambda.aws_iam_role.lambda_role",
            "module.lambda.aws_lambda_function.schema_validator",
            "module.lambda.data.archive_file.schema_validator",
            "module.s3.aws_s3_bucket.datalake",
            "module.sns.aws_sns_topic.validation_alerts"
          ]
        }
      ]
    },
    {
      "module": "module.eventbridge",
      "mode": "managed",
      "type": "aws_lambda_permission",
      "name": "allow_eventbridge",
      "provider": "provider[\"registry.terraform.io/hashicorp/aws\"]",
      "instances": [
        {
          "schema_version": 0,
          "attributes": {
            "action": "lambda:InvokeFunction",
            "event_source_token": null,
            "function_name": "cvm-dev-schema-validator",
            "function_url_auth_type": null,
            "id": "AllowExecutionFromEventBridge",
            "invoked_via_function_url": null,
            "principal": "events.amazonaws.com",
            "principal_org_id": null,
            "qualifier": "",
            "region": "af-south-1",
            "source_account": null,
            "source_arn": "arn:aws:events:af-south-1:396913737059:rule/cvm-dev-s3-object-created",
            "statement_id": "AllowExecutionFromEventBridge",
            "statement_id_prefix": ""
          },
          "sensitive_attributes": [],
          "identity_schema_version": 0,
          "identity": {
            "account_id": "396913737059",
            "function_name": "cvm-dev-schema-validator",
            "qualifier": null,
            "region": "af-south-1",
            "statement_id": "AllowExecutionFromEventBridge"
          },
          "private": "bnVsbA==",
          "dependencies": [
            "module.eventbridge.aws_cloudwatch_event_rule.s3_object_created",
            "module.lambda.aws_iam_role.lambda_role",
            "module.lambda.aws_lambda_function.schema_validator",
            "module.lambda.data.archive_file.schema_validator",
            "module.s3.aws_s3_bucket.datalake",
            "module.sns.aws_sns_topic.validation_alerts"
          ]
        }
      ]
    },
    {
      "module": "module.glue",
      "mode": "managed",
      "type": "aws_glue_catalog_database",
      "name": "cvm",
      "provider": "provider[\"registry.terraform.io/hashicorp/aws\"]",
      "instances": [
        {
          "schema_version": 0,
          "attributes": {
            "arn": "arn:aws:glue:af-south-1:396913737059:database/cvm_dev",
            "catalog_id": "396913737059",
            "create_table_default_permission": [
              {
                "permissions": [
                  "ALL"
                ],
                "principal": [
                  {
                    "data_lake_principal_identifier": "IAM_ALLOWED_PRINCIPALS"
                  }
                ]
              }
            ],
            "description": "Glue Data Catalog for CVM platform",
            "federated_database": [],
            "id": "396913737059:cvm_dev",
            "location_uri": "",
            "name": "cvm_dev",
            "parameters": {},
            "region": "af-south-1",
            "tags": {},
            "tags_all": {},
            "target_database": []
          },
          "sensitive_attributes": [],
          "identity_schema_version": 0,
          "private": "bnVsbA=="
        }
      ]
    },
    {
      "module": "module.glue",
      "mode": "managed",
      "type": "aws_glue_crawler",
      "name": "curated_subscribers",
      "provider": "provider[\"registry.terraform.io/hashicorp/aws\"]",
      "instances": [
        {
          "schema_version": 0,
          "attributes": {
            "arn": "arn:aws:glue:af-south-1:396913737059:crawler/cvm-dev-curated-subscribers-crawler",
            "catalog_target": [],
            "classifiers": null,
            "configuration": "",
            "database_name": "cvm_dev",
            "delta_target": [],
            "description": "",
            "dynamodb_target": [],
            "hudi_target": [],
            "iceberg_target": [],
            "id": "cvm-dev-curated-subscribers-crawler",
            "jdbc_target": [],
            "lake_formation_configuration": [
              {
                "account_id": "",
                "use_lake_formation_credentials": false
              }
            ],
            "lineage_configuration": [
              {
                "crawler_lineage_settings": "DISABLE"
              }
            ],
            "mongodb_target": [],
            "name": "cvm-dev-curated-subscribers-crawler",
            "recrawl_policy": [
              {
                "recrawl_behavior": "CRAWL_EVERYTHING"
              }
            ],
            "region": "af-south-1",
            "role": "cvm-dev-glue-role",
            "s3_target": [
              {
                "connection_name": "",
                "dlq_event_queue_arn": "",
                "event_queue_arn": "",
                "exclusions": null,
                "path": "s3://falcorp-cvm-dev-datalake/curated/subscribers/",
                "sample_size": 0
              }
            ],
            "schedule": "",
            "schema_change_policy": [
              {
                "delete_behavior": "DEPRECATE_IN_DATABASE",
                "update_behavior": "UPDATE_IN_DATABASE"
              }
            ],
            "security_configuration": "",
            "table_prefix": "",
            "tags": null,
            "tags_all": {}
          },
          "sensitive_attributes": [],
          "identity_schema_version": 0,
          "private": "bnVsbA==",
          "dependencies": [
            "module.glue.aws_glue_catalog_database.cvm",
            "module.glue.aws_iam_role.glue",
            "module.s3.aws_s3_bucket.datalake"
          ]
        }
      ]
    },
    {
      "module": "module.glue",
      "mode": "managed",
      "type": "aws_glue_crawler",
      "name": "raw",
      "provider": "provider[\"registry.terraform.io/hashicorp/aws\"]",
      "instances": [
        {
          "schema_version": 0,
          "attributes": {
            "arn": "arn:aws:glue:af-south-1:396913737059:crawler/cvm-dev-raw-crawler",
            "catalog_target": [],
            "classifiers": [],
            "configuration": "",
            "database_name": "cvm_dev",
            "delta_target": [],
            "description": "",
            "dynamodb_target": [],
            "hudi_target": [],
            "iceberg_target": [],
            "id": "cvm-dev-raw-crawler",
            "jdbc_target": [],
            "lake_formation_configuration": [
              {
                "account_id": "",
                "use_lake_formation_credentials": false
              }
            ],
            "lineage_configuration": [
              {
                "crawler_lineage_settings": "DISABLE"
              }
            ],
            "mongodb_target": [],
            "name": "cvm-dev-raw-crawler",
            "recrawl_policy": [
              {
                "recrawl_behavior": "CRAWL_EVERYTHING"
              }
            ],
            "region": "af-south-1",
            "role": "cvm-dev-glue-role",
            "s3_target": [
              {
                "connection_name": "",
                "dlq_event_queue_arn": "",
                "event_queue_arn": "",
                "exclusions": [],
                "path": "s3://falcorp-cvm-dev-datalake/raw/",
                "sample_size": 0
              }
            ],
            "schedule": "",
            "schema_change_policy": [
              {
                "delete_behavior": "DEPRECATE_IN_DATABASE",
                "update_behavior": "UPDATE_IN_DATABASE"
              }
            ],
            "security_configuration": "",
            "table_prefix": "",
            "tags": {},
            "tags_all": {}
          },
          "sensitive_attributes": [],
          "identity_schema_version": 0,
          "private": "bnVsbA==",
          "dependencies": [
            "module.glue.aws_glue_catalog_database.cvm",
            "module.glue.aws_iam_role.glue",
            "module.s3.aws_s3_bucket.datalake"
          ]
        }
      ]
    },
    {
      "module": "module.glue",
      "mode": "managed",
      "type": "aws_glue_job",
      "name": "subscribers_etl",
      "provider": "provider[\"registry.terraform.io/hashicorp/aws\"]",
      "instances": [
        {
          "schema_version": 0,
          "attributes": {
            "arn": "arn:aws:glue:af-south-1:396913737059:job/cvm-dev-subscribers-etl",
            "command": [
              {
                "name": "glueetl",
                "python_version": "3",
                "runtime": "",
                "script_location": "s3://falcorp-cvm-dev-datalake/scripts/subscribers_etl.py"
              }
            ],
            "connections": [],
            "default_arguments": {
              "--SOURCE_PATH": "s3://falcorp-cvm-dev-datalake/raw/",
              "--TARGET_PATH": "s3://falcorp-cvm-dev-datalake/curated/subscribers/",
              "--job-language": "python"
            },
            "description": "",
            "execution_class": "",
            "execution_property": [
              {
                "max_concurrent_runs": 1
              }
            ],
            "glue_version": "4.0",
            "id": "cvm-dev-subscribers-etl",
            "job_mode": "SCRIPT",
            "job_run_queuing_enabled": false,
            "maintenance_window": "",
            "max_capacity": 2,
            "max_retries": 0,
            "name": "cvm-dev-subscribers-etl",
            "non_overridable_arguments": {},
            "notification_property": [],
            "number_of_workers": 2,
            "region": "af-south-1",
            "role_arn": "arn:aws:iam::396913737059:role/cvm-dev-glue-role",
            "security_configuration": "",
            "source_control_details": [],
            "tags": {},
            "tags_all": {},
            "timeout": 2880,
            "worker_type": "G.1X"
          },
          "sensitive_attributes": [],
          "identity_schema_version": 0,
          "identity": {
            "account_id": "396913737059",
            "name": "cvm-dev-subscribers-etl",
            "region": "af-south-1"
          },
          "private": "bnVsbA==",
          "dependencies": [
            "module.glue.aws_iam_role.glue",
            "module.s3.aws_s3_bucket.datalake"
          ]
        }
      ]
    },
    {
      "module": "module.glue",
      "mode": "managed",
      "type": "aws_iam_role",
      "name": "glue",
      "provider": "provider[\"registry.terraform.io/hashicorp/aws\"]",
      "instances": [
        {
          "schema_version": 0,
          "attributes": {
            "arn": "arn:aws:iam::396913737059:role/cvm-dev-glue-role",
            "assume_role_policy": "{\"Statement\":[{\"Action\":\"sts:AssumeRole\",\"Effect\":\"Allow\",\"Principal\":{\"Service\":\"glue.amazonaws.com\"}}],\"Version\":\"2012-10-17\"}",
            "create_date": "2026-06-25T12:34:39Z",
            "description": "",
            "force_detach_policies": false,
            "id": "cvm-dev-glue-role",
            "inline_policy": [
              {
                "name": "cvm-dev-glue-kms-policy",
                "policy": "{\"Version\":\"2012-10-17\",\"Statement\":[{\"Action\":[\"kms:Decrypt\",\"kms:Encrypt\",\"kms:GenerateDataKey\"],\"Effect\":\"Allow\",\"Resource\":\"arn:aws:kms:af-south-1:396913737059:key/0dcf0266-d9bd-48c9-9e27-b095c936a070\"}]}"
              },
              {
                "name": "cvm-dev-glue-s3-policy",
                "policy": "{\"Version\":\"2012-10-17\",\"Statement\":[{\"Action\":[\"s3:GetObject\",\"s3:ListBucket\",\"s3:PutObject\",\"s3:DeleteObject\"],\"Effect\":\"Allow\",\"Resource\":[\"arn:aws:s3:::falcorp-cvm-dev-datalake\",\"arn:aws:s3:::falcorp-cvm-dev-datalake/*\"]}]}"
              }
            ],
            "managed_policy_arns": [
              "arn:aws:iam::aws:policy/service-role/AWSGlueServiceRole"
            ],
            "max_session_duration": 3600,
            "name": "cvm-dev-glue-role",
            "name_prefix": "",
            "path": "/",
            "permissions_boundary": "",
            "tags": {},
            "tags_all": {},
            "unique_id": "AROAVY2PG7VRRXR37IZ46"
          },
          "sensitive_attributes": [],
          "identity_schema_version": 0,
          "identity": {
            "account_id": "396913737059",
            "name": "cvm-dev-glue-role"
          },
          "private": "bnVsbA=="
        }
      ]
    },
    {
      "module": "module.glue",
      "mode": "managed",
      "type": "aws_iam_role_policy",
      "name": "glue_kms",
      "provider": "provider[\"registry.terraform.io/hashicorp/aws\"]",
      "instances": [
        {
          "schema_version": 0,
          "attributes": {
            "id": "cvm-dev-glue-role:cvm-dev-glue-kms-policy",
            "name": "cvm-dev-glue-kms-policy",
            "name_prefix": "",
            "policy": "{\"Version\":\"2012-10-17\",\"Statement\":[{\"Action\":[\"kms:Decrypt\",\"kms:Encrypt\",\"kms:GenerateDataKey\"],\"Effect\":\"Allow\",\"Resource\":\"arn:aws:kms:af-south-1:396913737059:key/0dcf0266-d9bd-48c9-9e27-b095c936a070\"}]}",
            "role": "cvm-dev-glue-role"
          },
          "sensitive_attributes": [],
          "identity_schema_version": 0,
          "identity": {
            "account_id": "396913737059",
            "name": "cvm-dev-glue-kms-policy",
            "role": "cvm-dev-glue-role"
          },
          "private": "bnVsbA==",
          "dependencies": [
            "module.glue.aws_iam_role.glue",
            "module.security.aws_kms_key.platform"
          ]
        }
      ]
    },
    {
      "module": "module.glue",
      "mode": "managed",
      "type": "aws_iam_role_policy",
      "name": "glue_s3",
      "provider": "provider[\"registry.terraform.io/hashicorp/aws\"]",
      "instances": [
        {
          "schema_version": 0,
          "attributes": {
            "id": "cvm-dev-glue-role:cvm-dev-glue-s3-policy",
            "name": "cvm-dev-glue-s3-policy",
            "name_prefix": "",
            "policy": "{\"Version\":\"2012-10-17\",\"Statement\":[{\"Action\":[\"s3:GetObject\",\"s3:ListBucket\",\"s3:PutObject\",\"s3:DeleteObject\"],\"Effect\":\"Allow\",\"Resource\":[\"arn:aws:s3:::falcorp-cvm-dev-datalake\",\"arn:aws:s3:::falcorp-cvm-dev-datalake/*\"]}]}",
            "role": "cvm-dev-glue-role"
          },
          "sensitive_attributes": [],
          "identity_schema_version": 0,
          "identity": {
            "account_id": "396913737059",
            "name": "cvm-dev-glue-s3-policy",
            "role": "cvm-dev-glue-role"
          },
          "private": "bnVsbA==",
          "dependencies": [
            "module.glue.aws_iam_role.glue",
            "module.s3.aws_s3_bucket.datalake"
          ]
        }
      ]
    },
    {
      "module": "module.glue",
      "mode": "managed",
      "type": "aws_iam_role_policy_attachment",
      "name": "glue_service",
      "provider": "provider[\"registry.terraform.io/hashicorp/aws\"]",
      "instances": [
        {
          "schema_version": 0,
          "attributes": {
            "id": "cvm-dev-glue-role/arn:aws:iam::aws:policy/service-role/AWSGlueServiceRole",
            "policy_arn": "arn:aws:iam::aws:policy/service-role/AWSGlueServiceRole",
            "role": "cvm-dev-glue-role"
          },
          "sensitive_attributes": [],
          "identity_schema_version": 0,
          "identity": {
            "account_id": "396913737059",
            "policy_arn": "arn:aws:iam::aws:policy/service-role/AWSGlueServiceRole",
            "role": "cvm-dev-glue-role"
          },
          "private": "bnVsbA==",
          "dependencies": [
            "module.glue.aws_iam_role.glue"
          ]
        }
      ]
    },
    {
      "module": "module.lambda",
      "mode": "data",
      "type": "archive_file",
      "name": "schema_validator",
      "provider": "provider[\"registry.terraform.io/hashicorp/archive\"]",
      "instances": [
        {
          "schema_version": 0,
          "attributes": {
            "exclude_symlink_directories": null,
            "excludes": null,
            "id": "403ca1c1e6b93ba3a92718213ef7bfc29514a358",
            "output_base64sha256": "b7/JWH/5Ve6rcgoPnBYPwFy5JAgPQ+GU9qJHKoi9T90=",
            "output_base64sha512": "b1XmhO/fcmhzymhyx9MDsCuh1ShF2mD05oQmwqEtROVS8ubeLsyRxC82mVQHx2Uiz/SqezoZVXyu+5w7lB0QRA==",
            "output_file_mode": null,
            "output_md5": "903aabb3dea24089a78051ac01b49c49",
            "output_path": "../../modules/lambda/schema_validator.zip",
            "output_sha": "403ca1c1e6b93ba3a92718213ef7bfc29514a358",
            "output_sha256": "6fbfc9587ff955eeab720a0f9c160fc05cb924080f43e194f6a2472a88bd4fdd",
            "output_sha512": "6f55e684efdf726873ca6872c7d303b02ba1d52845da60f4e68426c2a12d44e552f2e6de2ecc91c42f36995407c76522cff4aa7b3a19557caefb9c3b941d1044",
            "output_size": 1277,
            "source": [],
            "source_content": null,
            "source_content_filename": null,
            "source_dir": null,
            "source_file": "../../modules/lambda/schema_validator.py",
            "type": "zip"
          },
          "sensitive_attributes": [],
          "identity_schema_version": 0
        }
      ]
    },
    {
      "module": "module.lambda",
      "mode": "managed",
      "type": "aws_cloudwatch_log_group",
      "name": "schema_validator",
      "provider": "provider[\"registry.terraform.io/hashicorp/aws\"]",
      "instances": [
        {
          "schema_version": 0,
          "attributes": {
            "arn": "arn:aws:logs:af-south-1:396913737059:log-group:/aws/lambda/cvm-dev-schema-validator",
            "deletion_protection_enabled": false,
            "id": "/aws/lambda/cvm-dev-schema-validator",
            "kms_key_id": "",
            "log_group_class": "STANDARD",
            "name": "/aws/lambda/cvm-dev-schema-validator",
            "name_prefix": "",
            "region": "af-south-1",
            "retention_in_days": 30,
            "skip_destroy": false,
            "tags": {
              "Environment": "dev",
              "Name": "cvm-dev-schema-validator"
            },
            "tags_all": {
              "Environment": "dev",
              "Name": "cvm-dev-schema-validator"
            }
          },
          "sensitive_attributes": [],
          "identity_schema_version": 0,
          "identity": {
            "account_id": "396913737059",
            "name": "/aws/lambda/cvm-dev-schema-validator",
            "region": "af-south-1"
          },
          "private": "bnVsbA=="
        }
      ]
    },
    {
      "module": "module.lambda",
      "mode": "managed",
      "type": "aws_iam_role",
      "name": "lambda_role",
      "provider": "provider[\"registry.terraform.io/hashicorp/aws\"]",
      "instances": [
        {
          "schema_version": 0,
          "attributes": {
            "arn": "arn:aws:iam::396913737059:role/cvm-dev-schema-validator-role",
            "assume_role_policy": "{\"Statement\":[{\"Action\":\"sts:AssumeRole\",\"Effect\":\"Allow\",\"Principal\":{\"Service\":\"lambda.amazonaws.com\"}}],\"Version\":\"2012-10-17\"}",
            "create_date": "2026-06-22T10:06:50Z",
            "description": "",
            "force_detach_policies": false,
            "id": "cvm-dev-schema-validator-role",
            "inline_policy": [
              {
                "name": "cvm-dev-schema-validator-policy",
                "policy": "{\"Version\":\"2012-10-17\",\"Statement\":[{\"Action\":[\"s3:GetObject\",\"s3:PutObject\",\"s3:DeleteObject\"],\"Effect\":\"Allow\",\"Resource\":\"arn:aws:s3:::falcorp-cvm-dev-datalake/*\"},{\"Action\":[\"s3:ListBucket\"],\"Effect\":\"Allow\",\"Resource\":\"arn:aws:s3:::falcorp-cvm-dev-datalake\"},{\"Action\":[\"kms:Decrypt\",\"kms:Encrypt\",\"kms:GenerateDataKey\"],\"Effect\":\"Allow\",\"Resource\":\"arn:aws:kms:af-south-1:396913737059:key/0dcf0266-d9bd-48c9-9e27-b095c936a070\"},{\"Action\":[\"sns:Publish\"],\"Effect\":\"Allow\",\"Resource\":\"arn:aws:sns:af-south-1:396913737059:cvm-dev-validation-alerts\"},{\"Action\":[\"logs:CreateLogGroup\",\"logs:CreateLogStream\",\"logs:PutLogEvents\"],\"Effect\":\"Allow\",\"Resource\":\"*\"}]}"
              }
            ],
            "managed_policy_arns": [],
            "max_session_duration": 3600,
            "name": "cvm-dev-schema-validator-role",
            "name_prefix": "",
            "path": "/",
            "permissions_boundary": "",
            "tags": {},
            "tags_all": {},
            "unique_id": "AROAVY2PG7VRUYMI2OOJ4"
          },
          "sensitive_attributes": [],
          "identity_schema_version": 0,
          "identity": {
            "account_id": "396913737059",
            "name": "cvm-dev-schema-validator-role"
          },
          "private": "bnVsbA=="
        }
      ]
    },
    {
      "module": "module.lambda",
      "mode": "managed",
      "type": "aws_iam_role_policy",
      "name": "lambda_policy",
      "provider": "provider[\"registry.terraform.io/hashicorp/aws\"]",
      "instances": [
        {
          "schema_version": 0,
          "attributes": {
            "id": "cvm-dev-schema-validator-role:cvm-dev-schema-validator-policy",
            "name": "cvm-dev-schema-validator-policy",
            "name_prefix": "",
            "policy": "{\"Version\":\"2012-10-17\",\"Statement\":[{\"Action\":[\"s3:GetObject\",\"s3:PutObject\",\"s3:DeleteObject\"],\"Effect\":\"Allow\",\"Resource\":\"arn:aws:s3:::falcorp-cvm-dev-datalake/*\"},{\"Action\":[\"s3:ListBucket\"],\"Effect\":\"Allow\",\"Resource\":\"arn:aws:s3:::falcorp-cvm-dev-datalake\"},{\"Action\":[\"kms:Decrypt\",\"kms:Encrypt\",\"kms:GenerateDataKey\"],\"Effect\":\"Allow\",\"Resource\":\"arn:aws:kms:af-south-1:396913737059:key/0dcf0266-d9bd-48c9-9e27-b095c936a070\"},{\"Action\":[\"sns:Publish\"],\"Effect\":\"Allow\",\"Resource\":\"arn:aws:sns:af-south-1:396913737059:cvm-dev-validation-alerts\"},{\"Action\":[\"logs:CreateLogGroup\",\"logs:CreateLogStream\",\"logs:PutLogEvents\"],\"Effect\":\"Allow\",\"Resource\":\"*\"}]}",
            "role": "cvm-dev-schema-validator-role"
          },
          "sensitive_attributes": [],
          "identity_schema_version": 0,
          "identity": {
            "account_id": "396913737059",
            "name": "cvm-dev-schema-validator-policy",
            "role": "cvm-dev-schema-validator-role"
          },
          "private": "bnVsbA==",
          "dependencies": [
            "module.lambda.aws_iam_role.lambda_role",
            "module.s3.aws_s3_bucket.datalake",
            "module.security.aws_kms_key.platform",
            "module.sns.aws_sns_topic.validation_alerts"
          ]
        }
      ]
    },
    {
      "module": "module.lambda",
      "mode": "managed",
      "type": "aws_lambda_function",
      "name": "schema_validator",
      "provider": "provider[\"registry.terraform.io/hashicorp/aws\"]",
      "instances": [
        {
          "schema_version": 0,
          "attributes": {
            "architectures": [
              "x86_64"
            ],
            "arn": "arn:aws:lambda:af-south-1:396913737059:function:cvm-dev-schema-validator",
            "capacity_provider_config": [],
            "code_sha256": "b7/JWH/5Ve6rcgoPnBYPwFy5JAgPQ+GU9qJHKoi9T90=",
            "code_signing_config_arn": "",
            "dead_letter_config": [],
            "description": "",
            "durable_config": [],
            "environment": [
              {
                "variables": {
                  "BUCKET_NAME": "falcorp-cvm-dev-datalake",
                  "SNS_TOPIC_ARN": "arn:aws:sns:af-south-1:396913737059:cvm-dev-validation-alerts"
                }
              }
            ],
            "ephemeral_storage": [
              {
                "size": 512
              }
            ],
            "file_system_config": [],
            "filename": "../../modules/lambda/schema_validator.zip",
            "function_name": "cvm-dev-schema-validator",
            "handler": "schema_validator.lambda_handler",
            "id": "cvm-dev-schema-validator",
            "image_config": [],
            "image_uri": "",
            "invoke_arn": "arn:aws:apigateway:af-south-1:lambda:path/2015-03-31/functions/arn:aws:lambda:af-south-1:396913737059:function:cvm-dev-schema-validator/invocations",
            "kms_key_arn": "",
            "last_modified": "2026-06-25T12:09:41.000+0000",
            "layers": [],
            "logging_config": [
              {
                "application_log_level": "",
                "log_format": "Text",
                "log_group": "/aws/lambda/cvm-dev-schema-validator",
                "system_log_level": ""
              }
            ],
            "memory_size": 128,
            "package_type": "Zip",
            "publish": false,
            "publish_to": null,
            "qualified_arn": "arn:aws:lambda:af-south-1:396913737059:function:cvm-dev-schema-validator:$LATEST",
            "qualified_invoke_arn": "arn:aws:apigateway:af-south-1:lambda:path/2015-03-31/functions/arn:aws:lambda:af-south-1:396913737059:function:cvm-dev-schema-validator:$LATEST/invocations",
            "region": "af-south-1",
            "replace_security_groups_on_destroy": null,
            "replacement_security_group_ids": null,
            "reserved_concurrent_executions": -1,
            "response_streaming_invoke_arn": "arn:aws:apigateway:af-south-1:lambda:path/2021-11-15/functions/arn:aws:lambda:af-south-1:396913737059:function:cvm-dev-schema-validator/response-streaming-invocations",
            "role": "arn:aws:iam::396913737059:role/cvm-dev-schema-validator-role",
            "runtime": "python3.12",
            "s3_bucket": null,
            "s3_key": null,
            "s3_object_version": null,
            "signing_job_arn": "",
            "signing_profile_version_arn": "",
            "skip_destroy": false,
            "snap_start": [],
            "source_code_hash": "b7/JWH/5Ve6rcgoPnBYPwFy5JAgPQ+GU9qJHKoi9T90=",
            "source_code_size": 1277,
            "source_kms_key_arn": "",
            "tags": {
              "Environment": "dev",
              "Name": "cvm-dev-schema-validator"
            },
            "tags_all": {
              "Environment": "dev",
              "Name": "cvm-dev-schema-validator"
            },
            "tenancy_config": [],
            "timeout": 3,
            "timeouts": null,
            "tracing_config": [
              {
                "mode": "PassThrough"
              }
            ],
            "version": "$LATEST",
            "vpc_config": []
          },
          "sensitive_attributes": [],
          "identity_schema_version": 0,
          "identity": {
            "account_id": "396913737059",
            "function_name": "cvm-dev-schema-validator",
            "region": "af-south-1"
          },
          "private": "eyJlMmJmYjczMC1lY2FhLTExZTYtOGY4OC0zNDM2M2JjN2M0YzAiOnsiY3JlYXRlIjo2MDAwMDAwMDAwMDAsImRlbGV0ZSI6NjAwMDAwMDAwMDAwLCJ1cGRhdGUiOjYwMDAwMDAwMDAwMH19",
          "dependencies": [
            "module.lambda.aws_iam_role.lambda_role",
            "module.lambda.data.archive_file.schema_validator",
            "module.s3.aws_s3_bucket.datalake",
            "module.sns.aws_sns_topic.validation_alerts"
          ]
        }
      ]
    },
    {
      "module": "module.networking",
      "mode": "data",
      "type": "aws_availability_zones",
      "name": "available",
      "provider": "provider[\"registry.terraform.io/hashicorp/aws\"]",
      "instances": [
        {
          "schema_version": 0,
          "attributes": {
            "all_availability_zones": null,
            "exclude_names": null,
            "exclude_zone_ids": null,
            "filter": null,
            "group_names": [
              "af-south-1-zg-1"
            ],
            "id": "af-south-1",
            "names": [
              "af-south-1a",
              "af-south-1b",
              "af-south-1c"
            ],
            "region": "af-south-1",
            "state": "available",
            "timeouts": null,
            "zone_ids": [
              "afs1-az1",
              "afs1-az2",
              "afs1-az3"
            ]
          },
          "sensitive_attributes": [],
          "identity_schema_version": 0
        }
      ]
    },
    {
      "module": "module.networking",
      "mode": "managed",
      "type": "aws_internet_gateway",
      "name": "this",
      "provider": "provider[\"registry.terraform.io/hashicorp/aws\"]",
      "instances": [
        {
          "schema_version": 0,
          "attributes": {
            "arn": "arn:aws:ec2:af-south-1:396913737059:internet-gateway/igw-0a19606b78a347721",
            "id": "igw-0a19606b78a347721",
            "owner_id": "396913737059",
            "region": "af-south-1",
            "tags": {
              "Environment": "dev",
              "Name": "cvm-dev-igw"
            },
            "tags_all": {
              "Environment": "dev",
              "Name": "cvm-dev-igw"
            },
            "timeouts": null,
            "vpc_id": "vpc-06d024d4c88d7431f"
          },
          "sensitive_attributes": [],
          "identity_schema_version": 0,
          "identity": {
            "account_id": "396913737059",
            "id": "igw-0a19606b78a347721",
            "region": "af-south-1"
          },
          "private": "eyJlMmJmYjczMC1lY2FhLTExZTYtOGY4OC0zNDM2M2JjN2M0YzAiOnsiY3JlYXRlIjoxMjAwMDAwMDAwMDAwLCJkZWxldGUiOjEyMDAwMDAwMDAwMDAsInVwZGF0ZSI6MTIwMDAwMDAwMDAwMH19",
          "dependencies": [
            "module.networking.aws_vpc.this"
          ]
        }
      ]
    },
    {
      "module": "module.networking",
      "mode": "managed",
      "type": "aws_route",
      "name": "public_internet",
      "provider": "provider[\"registry.terraform.io/hashicorp/aws\"]",
      "instances": [
        {
          "schema_version": 0,
          "attributes": {
            "carrier_gateway_id": "",
            "core_network_arn": "",
            "destination_cidr_block": "0.0.0.0/0",
            "destination_ipv6_cidr_block": "",
            "destination_prefix_list_id": "",
            "egress_only_gateway_id": "",
            "gateway_id": "igw-0a19606b78a347721",
            "id": "r-rtb-0b63a1d0d3da699a61080289494",
            "instance_id": "",
            "instance_owner_id": "",
            "local_gateway_id": "",
            "nat_gateway_id": "",
            "network_interface_id": "",
            "odb_network_arn": "",
            "origin": "CreateRoute",
            "region": "af-south-1",
            "route_table_id": "rtb-0b63a1d0d3da699a6",
            "state": "active",
            "timeouts": null,
            "transit_gateway_id": "",
            "vpc_endpoint_id": "",
            "vpc_peering_connection_id": ""
          },
          "sensitive_attributes": [],
          "identity_schema_version": 0,
          "identity": {
            "account_id": "396913737059",
            "destination_cidr_block": "0.0.0.0/0",
            "destination_ipv6_cidr_block": null,
            "destination_prefix_list_id": null,
            "region": "af-south-1",
            "route_table_id": "rtb-0b63a1d0d3da699a6"
          },
          "private": "eyJlMmJmYjczMC1lY2FhLTExZTYtOGY4OC0zNDM2M2JjN2M0YzAiOnsiY3JlYXRlIjozMDAwMDAwMDAwMDAsImRlbGV0ZSI6MzAwMDAwMDAwMDAwLCJ1cGRhdGUiOjEyMDAwMDAwMDAwMH19",
          "dependencies": [
            "module.networking.aws_internet_gateway.this",
            "module.networking.aws_route_table.public",
            "module.networking.aws_vpc.this"
          ]
        }
      ]
    },
    {
      "module": "module.networking",
      "mode": "managed",
      "type": "aws_route_table",
      "name": "private",
      "provider": "provider[\"registry.terraform.io/hashicorp/aws\"]",
      "instances": [
        {
          "schema_version": 0,
          "attributes": {
            "arn": "arn:aws:ec2:af-south-1:396913737059:route-table/rtb-035dd1c001d0beeeb",
            "id": "rtb-035dd1c001d0beeeb",
            "owner_id": "396913737059",
            "propagating_vgws": [],
            "region": "af-south-1",
            "route": [],
            "tags": {
              "Environment": "dev",
              "Name": "cvm-dev-private-rt"
            },
            "tags_all": {
              "Environment": "dev",
              "Name": "cvm-dev-private-rt"
            },
            "timeouts": null,
            "vpc_id": "vpc-06d024d4c88d7431f"
          },
          "sensitive_attributes": [],
          "identity_schema_version": 0,
          "identity": {
            "account_id": "396913737059",
            "id": "rtb-035dd1c001d0beeeb",
            "region": "af-south-1"
          },
          "private": "eyJlMmJmYjczMC1lY2FhLTExZTYtOGY4OC0zNDM2M2JjN2M0YzAiOnsiY3JlYXRlIjozMDAwMDAwMDAwMDAsImRlbGV0ZSI6MzAwMDAwMDAwMDAwLCJ1cGRhdGUiOjEyMDAwMDAwMDAwMH19",
          "dependencies": [
            "module.networking.aws_vpc.this"
          ]
        }
      ]
    },
    {
      "module": "module.networking",
      "mode": "managed",
      "type": "aws_route_table",
      "name": "public",
      "provider": "provider[\"registry.terraform.io/hashicorp/aws\"]",
      "instances": [
        {
          "schema_version": 0,
          "attributes": {
            "arn": "arn:aws:ec2:af-south-1:396913737059:route-table/rtb-0b63a1d0d3da699a6",
            "id": "rtb-0b63a1d0d3da699a6",
            "owner_id": "396913737059",
            "propagating_vgws": [],
            "region": "af-south-1",
            "route": [
              {
                "carrier_gateway_id": "",
                "cidr_block": "0.0.0.0/0",
                "core_network_arn": "",
                "destination_prefix_list_id": "",
                "egress_only_gateway_id": "",
                "gateway_id": "igw-0a19606b78a347721",
                "ipv6_cidr_block": "",
                "local_gateway_id": "",
                "nat_gateway_id": "",
                "network_interface_id": "",
                "odb_network_arn": "",
                "transit_gateway_id": "",
                "vpc_endpoint_id": "",
                "vpc_peering_connection_id": ""
              }
            ],
            "tags": {
              "Environment": "dev",
              "Name": "cvm-dev-public-rt"
            },
            "tags_all": {
              "Environment": "dev",
              "Name": "cvm-dev-public-rt"
            },
            "timeouts": null,
            "vpc_id": "vpc-06d024d4c88d7431f"
          },
          "sensitive_attributes": [],
          "identity_schema_version": 0,
          "identity": {
            "account_id": "396913737059",
            "id": "rtb-0b63a1d0d3da699a6",
            "region": "af-south-1"
          },
          "private": "eyJlMmJmYjczMC1lY2FhLTExZTYtOGY4OC0zNDM2M2JjN2M0YzAiOnsiY3JlYXRlIjozMDAwMDAwMDAwMDAsImRlbGV0ZSI6MzAwMDAwMDAwMDAwLCJ1cGRhdGUiOjEyMDAwMDAwMDAwMH19",
          "dependencies": [
            "module.networking.aws_vpc.this"
          ]
        }
      ]
    },
    {
      "module": "module.networking",
      "mode": "managed",
      "type": "aws_route_table_association",
      "name": "private",
      "provider": "provider[\"registry.terraform.io/hashicorp/aws\"]",
      "instances": [
        {
          "index_key": 0,
          "schema_version": 0,
          "attributes": {
            "gateway_id": "",
            "id": "rtbassoc-0460585bb63cb60f6",
            "region": "af-south-1",
            "route_table_id": "rtb-035dd1c001d0beeeb",
            "subnet_id": "subnet-0d2333f695d6f688f",
            "timeouts": null
          },
          "sensitive_attributes": [],
          "identity_schema_version": 0,
          "identity": {
            "account_id": "396913737059",
            "id": "rtbassoc-0460585bb63cb60f6",
            "region": "af-south-1"
          },
          "private": "eyJlMmJmYjczMC1lY2FhLTExZTYtOGY4OC0zNDM2M2JjN2M0YzAiOnsiY3JlYXRlIjozMDAwMDAwMDAwMDAsImRlbGV0ZSI6MzAwMDAwMDAwMDAwLCJ1cGRhdGUiOjEyMDAwMDAwMDAwMH19",
          "dependencies": [
            "module.networking.aws_route_table.private",
            "module.networking.aws_subnet.private",
            "module.networking.aws_vpc.this",
            "module.networking.data.aws_availability_zones.available"
          ]
        },
        {
          "index_key": 1,
          "schema_version": 0,
          "attributes": {
            "gateway_id": "",
            "id": "rtbassoc-0b13196f2ae7fcf5d",
            "region": "af-south-1",
            "route_table_id": "rtb-035dd1c001d0beeeb",
            "subnet_id": "subnet-0a592ce9b8f45b0d9",
            "timeouts": null
          },
          "sensitive_attributes": [],
          "identity_schema_version": 0,
          "identity": {
            "account_id": "396913737059",
            "id": "rtbassoc-0b13196f2ae7fcf5d",
            "region": "af-south-1"
          },
          "private": "eyJlMmJmYjczMC1lY2FhLTExZTYtOGY4OC0zNDM2M2JjN2M0YzAiOnsiY3JlYXRlIjozMDAwMDAwMDAwMDAsImRlbGV0ZSI6MzAwMDAwMDAwMDAwLCJ1cGRhdGUiOjEyMDAwMDAwMDAwMH19",
          "dependencies": [
            "module.networking.aws_route_table.private",
            "module.networking.aws_subnet.private",
            "module.networking.aws_vpc.this",
            "module.networking.data.aws_availability_zones.available"
          ]
        }
      ]
    },
    {
      "module": "module.networking",
      "mode": "managed",
      "type": "aws_route_table_association",
      "name": "public",
      "provider": "provider[\"registry.terraform.io/hashicorp/aws\"]",
      "instances": [
        {
          "index_key": 0,
          "schema_version": 0,
          "attributes": {
            "gateway_id": "",
            "id": "rtbassoc-0491c7e39c3d501ed",
            "region": "af-south-1",
            "route_table_id": "rtb-0b63a1d0d3da699a6",
            "subnet_id": "subnet-0b294dbc0092df072",
            "timeouts": null
          },
          "sensitive_attributes": [],
          "identity_schema_version": 0,
          "identity": {
            "account_id": "396913737059",
            "id": "rtbassoc-0491c7e39c3d501ed",
            "region": "af-south-1"
          },
          "private": "eyJlMmJmYjczMC1lY2FhLTExZTYtOGY4OC0zNDM2M2JjN2M0YzAiOnsiY3JlYXRlIjozMDAwMDAwMDAwMDAsImRlbGV0ZSI6MzAwMDAwMDAwMDAwLCJ1cGRhdGUiOjEyMDAwMDAwMDAwMH19",
          "dependencies": [
            "module.networking.aws_route_table.public",
            "module.networking.aws_subnet.public",
            "module.networking.aws_vpc.this",
            "module.networking.data.aws_availability_zones.available"
          ]
        },
        {
          "index_key": 1,
          "schema_version": 0,
          "attributes": {
            "gateway_id": "",
            "id": "rtbassoc-085e9a06166a46bd8",
            "region": "af-south-1",
            "route_table_id": "rtb-0b63a1d0d3da699a6",
            "subnet_id": "subnet-02d3be19ecc81e3da",
            "timeouts": null
          },
          "sensitive_attributes": [],
          "identity_schema_version": 0,
          "identity": {
            "account_id": "396913737059",
            "id": "rtbassoc-085e9a06166a46bd8",
            "region": "af-south-1"
          },
          "private": "eyJlMmJmYjczMC1lY2FhLTExZTYtOGY4OC0zNDM2M2JjN2M0YzAiOnsiY3JlYXRlIjozMDAwMDAwMDAwMDAsImRlbGV0ZSI6MzAwMDAwMDAwMDAwLCJ1cGRhdGUiOjEyMDAwMDAwMDAwMH19",
          "dependencies": [
            "module.networking.aws_route_table.public",
            "module.networking.aws_subnet.public",
            "module.networking.aws_vpc.this",
            "module.networking.data.aws_availability_zones.available"
          ]
        }
      ]
    },
    {
      "module": "module.networking",
      "mode": "managed",
      "type": "aws_subnet",
      "name": "private",
      "provider": "provider[\"registry.terraform.io/hashicorp/aws\"]",
      "instances": [
        {
          "index_key": 0,
          "schema_version": 1,
          "attributes": {
            "arn": "arn:aws:ec2:af-south-1:396913737059:subnet/subnet-0d2333f695d6f688f",
            "assign_ipv6_address_on_creation": false,
            "availability_zone": "af-south-1a",
            "availability_zone_id": "afs1-az1",
            "cidr_block": "10.0.11.0/24",
            "customer_owned_ipv4_pool": "",
            "enable_dns64": false,
            "enable_lni_at_device_index": 0,
            "enable_resource_name_dns_a_record_on_launch": false,
            "enable_resource_name_dns_aaaa_record_on_launch": false,
            "id": "subnet-0d2333f695d6f688f",
            "ipv4_ipam_pool_id": null,
            "ipv4_netmask_length": null,
            "ipv6_cidr_block": "",
            "ipv6_cidr_block_association_id": "",
            "ipv6_ipam_pool_id": null,
            "ipv6_native": false,
            "ipv6_netmask_length": null,
            "map_customer_owned_ip_on_launch": false,
            "map_public_ip_on_launch": false,
            "outpost_arn": "",
            "owner_id": "396913737059",
            "private_dns_hostname_type_on_launch": "ip-name",
            "region": "af-south-1",
            "tags": {
              "Environment": "dev",
              "Name": "cvm-dev-private-subnet-1",
              "Type": "private"
            },
            "tags_all": {
              "Environment": "dev",
              "Name": "cvm-dev-private-subnet-1",
              "Type": "private"
            },
            "timeouts": null,
            "vpc_id": "vpc-06d024d4c88d7431f"
          },
          "sensitive_attributes": [],
          "identity_schema_version": 0,
          "identity": {
            "account_id": "396913737059",
            "id": "subnet-0d2333f695d6f688f",
            "region": "af-south-1"
          },
          "private": "eyJlMmJmYjczMC1lY2FhLTExZTYtOGY4OC0zNDM2M2JjN2M0YzAiOnsiY3JlYXRlIjo2MDAwMDAwMDAwMDAsImRlbGV0ZSI6MTIwMDAwMDAwMDAwMH0sInNjaGVtYV92ZXJzaW9uIjoiMSJ9",
          "dependencies": [
            "module.networking.aws_vpc.this",
            "module.networking.data.aws_availability_zones.available"
          ]
        },
        {
          "index_key": 1,
          "schema_version": 1,
          "attributes": {
            "arn": "arn:aws:ec2:af-south-1:396913737059:subnet/subnet-0a592ce9b8f45b0d9",
            "assign_ipv6_address_on_creation": false,
            "availability_zone": "af-south-1b",
            "availability_zone_id": "afs1-az2",
            "cidr_block": "10.0.12.0/24",
            "customer_owned_ipv4_pool": "",
            "enable_dns64": false,
            "enable_lni_at_device_index": 0,
            "enable_resource_name_dns_a_record_on_launch": false,
            "enable_resource_name_dns_aaaa_record_on_launch": false,
            "id": "subnet-0a592ce9b8f45b0d9",
            "ipv4_ipam_pool_id": null,
            "ipv4_netmask_length": null,
            "ipv6_cidr_block": "",
            "ipv6_cidr_block_association_id": "",
            "ipv6_ipam_pool_id": null,
            "ipv6_native": false,
            "ipv6_netmask_length": null,
            "map_customer_owned_ip_on_launch": false,
            "map_public_ip_on_launch": false,
            "outpost_arn": "",
            "owner_id": "396913737059",
            "private_dns_hostname_type_on_launch": "ip-name",
            "region": "af-south-1",
            "tags": {
              "Environment": "dev",
              "Name": "cvm-dev-private-subnet-2",
              "Type": "private"
            },
            "tags_all": {
              "Environment": "dev",
              "Name": "cvm-dev-private-subnet-2",
              "Type": "private"
            },
            "timeouts": null,
            "vpc_id": "vpc-06d024d4c88d7431f"
          },
          "sensitive_attributes": [],
          "identity_schema_version": 0,
          "identity": {
            "account_id": "396913737059",
            "id": "subnet-0a592ce9b8f45b0d9",
            "region": "af-south-1"
          },
          "private": "eyJlMmJmYjczMC1lY2FhLTExZTYtOGY4OC0zNDM2M2JjN2M0YzAiOnsiY3JlYXRlIjo2MDAwMDAwMDAwMDAsImRlbGV0ZSI6MTIwMDAwMDAwMDAwMH0sInNjaGVtYV92ZXJzaW9uIjoiMSJ9",
          "dependencies": [
            "module.networking.aws_vpc.this",
            "module.networking.data.aws_availability_zones.available"
          ]
        }
      ]
    },
    {
      "module": "module.networking",
      "mode": "managed",
      "type": "aws_subnet",
      "name": "public",
      "provider": "provider[\"registry.terraform.io/hashicorp/aws\"]",
      "instances": [
        {
          "index_key": 0,
          "schema_version": 1,
          "attributes": {
            "arn": "arn:aws:ec2:af-south-1:396913737059:subnet/subnet-0b294dbc0092df072",
            "assign_ipv6_address_on_creation": false,
            "availability_zone": "af-south-1a",
            "availability_zone_id": "afs1-az1",
            "cidr_block": "10.0.1.0/24",
            "customer_owned_ipv4_pool": "",
            "enable_dns64": false,
            "enable_lni_at_device_index": 0,
            "enable_resource_name_dns_a_record_on_launch": false,
            "enable_resource_name_dns_aaaa_record_on_launch": false,
            "id": "subnet-0b294dbc0092df072",
            "ipv4_ipam_pool_id": null,
            "ipv4_netmask_length": null,
            "ipv6_cidr_block": "",
            "ipv6_cidr_block_association_id": "",
            "ipv6_ipam_pool_id": null,
            "ipv6_native": false,
            "ipv6_netmask_length": null,
            "map_customer_owned_ip_on_launch": false,
            "map_public_ip_on_launch": true,
            "outpost_arn": "",
            "owner_id": "396913737059",
            "private_dns_hostname_type_on_launch": "ip-name",
            "region": "af-south-1",
            "tags": {
              "Environment": "dev",
              "Name": "cvm-dev-public-subnet-1",
              "Type": "public"
            },
            "tags_all": {
              "Environment": "dev",
              "Name": "cvm-dev-public-subnet-1",
              "Type": "public"
            },
            "timeouts": null,
            "vpc_id": "vpc-06d024d4c88d7431f"
          },
          "sensitive_attributes": [],
          "identity_schema_version": 0,
          "identity": {
            "account_id": "396913737059",
            "id": "subnet-0b294dbc0092df072",
            "region": "af-south-1"
          },
          "private": "eyJlMmJmYjczMC1lY2FhLTExZTYtOGY4OC0zNDM2M2JjN2M0YzAiOnsiY3JlYXRlIjo2MDAwMDAwMDAwMDAsImRlbGV0ZSI6MTIwMDAwMDAwMDAwMH0sInNjaGVtYV92ZXJzaW9uIjoiMSJ9",
          "dependencies": [
            "module.networking.aws_vpc.this",
            "module.networking.data.aws_availability_zones.available"
          ]
        },
        {
          "index_key": 1,
          "schema_version": 1,
          "attributes": {
            "arn": "arn:aws:ec2:af-south-1:396913737059:subnet/subnet-02d3be19ecc81e3da",
            "assign_ipv6_address_on_creation": false,
            "availability_zone": "af-south-1b",
            "availability_zone_id": "afs1-az2",
            "cidr_block": "10.0.2.0/24",
            "customer_owned_ipv4_pool": "",
            "enable_dns64": false,
            "enable_lni_at_device_index": 0,
            "enable_resource_name_dns_a_record_on_launch": false,
            "enable_resource_name_dns_aaaa_record_on_launch": false,
            "id": "subnet-02d3be19ecc81e3da",
            "ipv4_ipam_pool_id": null,
            "ipv4_netmask_length": null,
            "ipv6_cidr_block": "",
            "ipv6_cidr_block_association_id": "",
            "ipv6_ipam_pool_id": null,
            "ipv6_native": false,
            "ipv6_netmask_length": null,
            "map_customer_owned_ip_on_launch": false,
            "map_public_ip_on_launch": true,
            "outpost_arn": "",
            "owner_id": "396913737059",
            "private_dns_hostname_type_on_launch": "ip-name",
            "region": "af-south-1",
            "tags": {
              "Environment": "dev",
              "Name": "cvm-dev-public-subnet-2",
              "Type": "public"
            },
            "tags_all": {
              "Environment": "dev",
              "Name": "cvm-dev-public-subnet-2",
              "Type": "public"
            },
            "timeouts": null,
            "vpc_id": "vpc-06d024d4c88d7431f"
          },
          "sensitive_attributes": [],
          "identity_schema_version": 0,
          "identity": {
            "account_id": "396913737059",
            "id": "subnet-02d3be19ecc81e3da",
            "region": "af-south-1"
          },
          "private": "eyJlMmJmYjczMC1lY2FhLTExZTYtOGY4OC0zNDM2M2JjN2M0YzAiOnsiY3JlYXRlIjo2MDAwMDAwMDAwMDAsImRlbGV0ZSI6MTIwMDAwMDAwMDAwMH0sInNjaGVtYV92ZXJzaW9uIjoiMSJ9",
          "dependencies": [
            "module.networking.aws_vpc.this",
            "module.networking.data.aws_availability_zones.available"
          ]
        }
      ]
    },
    {
      "module": "module.networking",
      "mode": "managed",
      "type": "aws_vpc",
      "name": "this",
      "provider": "provider[\"registry.terraform.io/hashicorp/aws\"]",
      "instances": [
        {
          "schema_version": 1,
          "attributes": {
            "arn": "arn:aws:ec2:af-south-1:396913737059:vpc/vpc-06d024d4c88d7431f",
            "assign_generated_ipv6_cidr_block": false,
            "cidr_block": "10.0.0.0/16",
            "default_network_acl_id": "acl-047dde726d2861b84",
            "default_route_table_id": "rtb-0713bc53ee65a4d31",
            "default_security_group_id": "sg-0940afe0ff3c81b96",
            "dhcp_options_id": "dopt-0967ca4c2191b59d2",
            "enable_dns_hostnames": true,
            "enable_dns_support": true,
            "enable_network_address_usage_metrics": false,
            "id": "vpc-06d024d4c88d7431f",
            "instance_tenancy": "default",
            "ipv4_ipam_pool_id": null,
            "ipv4_netmask_length": null,
            "ipv6_association_id": "",
            "ipv6_cidr_block": "",
            "ipv6_cidr_block_network_border_group": "",
            "ipv6_ipam_pool_id": "",
            "ipv6_netmask_length": 0,
            "main_route_table_id": "rtb-0713bc53ee65a4d31",
            "owner_id": "396913737059",
            "region": "af-south-1",
            "tags": {
              "Environment": "dev",
              "Name": "cvm-dev-vpc"
            },
            "tags_all": {
              "Environment": "dev",
              "Name": "cvm-dev-vpc"
            }
          },
          "sensitive_attributes": [],
          "identity_schema_version": 0,
          "identity": {
            "account_id": "396913737059",
            "id": "vpc-06d024d4c88d7431f",
            "region": "af-south-1"
          },
          "private": "eyJzY2hlbWFfdmVyc2lvbiI6IjEifQ=="
        }
      ]
    },
    {
      "module": "module.s3",
      "mode": "managed",
      "type": "aws_s3_bucket",
      "name": "datalake",
      "provider": "provider[\"registry.terraform.io/hashicorp/aws\"]",
      "instances": [
        {
          "schema_version": 0,
          "attributes": {
            "acceleration_status": "",
            "acl": null,
            "arn": "arn:aws:s3:::falcorp-cvm-dev-datalake",
            "bucket": "falcorp-cvm-dev-datalake",
            "bucket_domain_name": "falcorp-cvm-dev-datalake.s3.amazonaws.com",
            "bucket_namespace": "global",
            "bucket_prefix": "",
            "bucket_region": "af-south-1",
            "bucket_regional_domain_name": "falcorp-cvm-dev-datalake.s3.af-south-1.amazonaws.com",
            "cors_rule": [],
            "force_destroy": false,
            "grant": [
              {
                "id": "34fd5b727c323b9fddee959a040ca65feae215ec56b4ea5d3e6fc7c01f4f5c12",
                "permissions": [
                  "FULL_CONTROL"
                ],
                "type": "CanonicalUser",
                "uri": ""
              }
            ],
            "hosted_zone_id": "Z83WF9RJE8B12",
            "id": "falcorp-cvm-dev-datalake",
            "lifecycle_rule": [],
            "logging": [],
            "object_lock_configuration": [],
            "object_lock_enabled": false,
            "policy": "",
            "region": "af-south-1",
            "replication_configuration": [],
            "request_payer": "BucketOwner",
            "server_side_encryption_configuration": [
              {
                "rule": [
                  {
                    "apply_server_side_encryption_by_default": [
                      {
                        "kms_master_key_id": "arn:aws:kms:af-south-1:396913737059:key/0dcf0266-d9bd-48c9-9e27-b095c936a070",
                        "sse_algorithm": "aws:kms"
                      }
                    ],
                    "bucket_key_enabled": false
                  }
                ]
              }
            ],
            "tags": {
              "Environment": "dev",
              "Name": "falcorp-cvm-dev-datalake"
            },
            "tags_all": {
              "Environment": "dev",
              "Name": "falcorp-cvm-dev-datalake"
            },
            "timeouts": null,
            "versioning": [
              {
                "enabled": true,
                "mfa_delete": false
              }
            ],
            "website": [],
            "website_domain": null,
            "website_endpoint": null
          },
          "sensitive_attributes": [],
          "identity_schema_version": 0,
          "identity": {
            "account_id": "396913737059",
            "bucket": "falcorp-cvm-dev-datalake",
            "region": "af-south-1"
          },
          "private": "eyJlMmJmYjczMC1lY2FhLTExZTYtOGY4OC0zNDM2M2JjN2M0YzAiOnsiY3JlYXRlIjoxMjAwMDAwMDAwMDAwLCJkZWxldGUiOjM2MDAwMDAwMDAwMDAsInJlYWQiOjEyMDAwMDAwMDAwMDAsInVwZGF0ZSI6MTIwMDAwMDAwMDAwMH19"
        }
      ]
    },
    {
      "module": "module.s3",
      "mode": "managed",
      "type": "aws_s3_bucket_notification",
      "name": "datalake_eventbridge",
      "provider": "provider[\"registry.terraform.io/hashicorp/aws\"]",
      "instances": [
        {
          "schema_version": 0,
          "attributes": {
            "bucket": "falcorp-cvm-dev-datalake",
            "eventbridge": true,
            "id": "falcorp-cvm-dev-datalake",
            "lambda_function": [],
            "queue": [],
            "region": "af-south-1",
            "topic": []
          },
          "sensitive_attributes": [],
          "identity_schema_version": 0,
          "identity": {
            "account_id": "396913737059",
            "bucket": "falcorp-cvm-dev-datalake",
            "region": "af-south-1"
          },
          "private": "bnVsbA==",
          "dependencies": [
            "module.s3.aws_s3_bucket.datalake"
          ]
        }
      ]
    },
    {
      "module": "module.s3",
      "mode": "managed",
      "type": "aws_s3_bucket_public_access_block",
      "name": "datalake",
      "provider": "provider[\"registry.terraform.io/hashicorp/aws\"]",
      "instances": [
        {
          "schema_version": 0,
          "attributes": {
            "block_public_acls": true,
            "block_public_policy": true,
            "bucket": "falcorp-cvm-dev-datalake",
            "id": "falcorp-cvm-dev-datalake",
            "ignore_public_acls": true,
            "region": "af-south-1",
            "restrict_public_buckets": true,
            "skip_destroy": null
          },
          "sensitive_attributes": [],
          "identity_schema_version": 0,
          "identity": {
            "account_id": "396913737059",
            "bucket": "falcorp-cvm-dev-datalake",
            "region": "af-south-1"
          },
          "private": "bnVsbA==",
          "dependencies": [
            "module.s3.aws_s3_bucket.datalake"
          ]
        }
      ]
    },
    {
      "module": "module.s3",
      "mode": "managed",
      "type": "aws_s3_bucket_server_side_encryption_configuration",
      "name": "datalake",
      "provider": "provider[\"registry.terraform.io/hashicorp/aws\"]",
      "instances": [
        {
          "schema_version": 0,
          "attributes": {
            "bucket": "falcorp-cvm-dev-datalake",
            "expected_bucket_owner": "",
            "id": "falcorp-cvm-dev-datalake",
            "region": "af-south-1",
            "rule": [
              {
                "apply_server_side_encryption_by_default": [
                  {
                    "kms_master_key_id": "arn:aws:kms:af-south-1:396913737059:key/0dcf0266-d9bd-48c9-9e27-b095c936a070",
                    "sse_algorithm": "aws:kms"
                  }
                ],
                "blocked_encryption_types": [
                  "SSE-C"
                ],
                "bucket_key_enabled": false
              }
            ]
          },
          "sensitive_attributes": [],
          "identity_schema_version": 1,
          "identity": {
            "account_id": "396913737059",
            "bucket": "falcorp-cvm-dev-datalake",
            "region": "af-south-1"
          },
          "private": "bnVsbA==",
          "dependencies": [
            "module.s3.aws_s3_bucket.datalake",
            "module.security.aws_kms_key.platform"
          ]
        }
      ]
    },
    {
      "module": "module.s3",
      "mode": "managed",
      "type": "aws_s3_bucket_versioning",
      "name": "datalake",
      "provider": "provider[\"registry.terraform.io/hashicorp/aws\"]",
      "instances": [
        {
          "schema_version": 0,
          "attributes": {
            "bucket": "falcorp-cvm-dev-datalake",
            "expected_bucket_owner": "",
            "id": "falcorp-cvm-dev-datalake",
            "mfa": null,
            "region": "af-south-1",
            "versioning_configuration": [
              {
                "mfa_delete": "Disabled",
                "status": "Enabled"
              }
            ]
          },
          "sensitive_attributes": [],
          "identity_schema_version": 1,
          "identity": {
            "account_id": "396913737059",
            "bucket": "falcorp-cvm-dev-datalake",
            "region": "af-south-1"
          },
          "private": "bnVsbA==",
          "dependencies": [
            "module.s3.aws_s3_bucket.datalake"
          ]
        }
      ]
    },
    {
      "module": "module.security",
      "mode": "managed",
      "type": "aws_kms_alias",
      "name": "platform",
      "provider": "provider[\"registry.terraform.io/hashicorp/aws\"]",
      "instances": [
        {
          "schema_version": 0,
          "attributes": {
            "arn": "arn:aws:kms:af-south-1:396913737059:alias/cvm-dev-platform-key",
            "id": "alias/cvm-dev-platform-key",
            "name": "alias/cvm-dev-platform-key",
            "name_prefix": "",
            "region": "af-south-1",
            "target_key_arn": "arn:aws:kms:af-south-1:396913737059:key/0dcf0266-d9bd-48c9-9e27-b095c936a070",
            "target_key_id": "0dcf0266-d9bd-48c9-9e27-b095c936a070"
          },
          "sensitive_attributes": [],
          "identity_schema_version": 0,
          "identity": {
            "account_id": "396913737059",
            "name": "alias/cvm-dev-platform-key",
            "region": "af-south-1"
          },
          "private": "bnVsbA==",
          "dependencies": [
            "module.security.aws_kms_key.platform"
          ]
        }
      ]
    },
    {
      "module": "module.security",
      "mode": "managed",
      "type": "aws_kms_key",
      "name": "platform",
      "provider": "provider[\"registry.terraform.io/hashicorp/aws\"]",
      "instances": [
        {
          "schema_version": 0,
          "attributes": {
            "arn": "arn:aws:kms:af-south-1:396913737059:key/0dcf0266-d9bd-48c9-9e27-b095c936a070",
            "bypass_policy_lockout_safety_check": false,
            "custom_key_store_id": "",
            "customer_master_key_spec": "SYMMETRIC_DEFAULT",
            "deletion_window_in_days": 7,
            "description": "CVM dev platform encryption key",
            "enable_key_rotation": true,
            "id": "0dcf0266-d9bd-48c9-9e27-b095c936a070",
            "is_enabled": true,
            "key_id": "0dcf0266-d9bd-48c9-9e27-b095c936a070",
            "key_usage": "ENCRYPT_DECRYPT",
            "multi_region": false,
            "policy": "{\"Id\":\"key-default-1\",\"Statement\":[{\"Action\":\"kms:*\",\"Effect\":\"Allow\",\"Principal\":{\"AWS\":\"arn:aws:iam::396913737059:root\"},\"Resource\":\"*\",\"Sid\":\"Enable IAM User Permissions\"}],\"Version\":\"2012-10-17\"}",
            "region": "af-south-1",
            "rotation_period_in_days": 365,
            "tags": {
              "Environment": "dev",
              "Name": "cvm-dev-platform-key"
            },
            "tags_all": {
              "Environment": "dev",
              "Name": "cvm-dev-platform-key"
            },
            "timeouts": null,
            "xks_key_id": ""
          },
          "sensitive_attributes": [],
          "identity_schema_version": 0,
          "identity": {
            "account_id": "396913737059",
            "id": "0dcf0266-d9bd-48c9-9e27-b095c936a070",
            "region": "af-south-1"
          },
          "private": "eyJlMmJmYjczMC1lY2FhLTExZTYtOGY4OC0zNDM2M2JjN2M0YzAiOnsiY3JlYXRlIjoxMjAwMDAwMDAwMDB9fQ=="
        }
      ]
    },
    {
      "module": "module.sns",
      "mode": "managed",
      "type": "aws_sns_topic",
      "name": "validation_alerts",
      "provider": "provider[\"registry.terraform.io/hashicorp/aws\"]",
      "instances": [
        {
          "schema_version": 0,
          "attributes": {
            "application_failure_feedback_role_arn": "",
            "application_success_feedback_role_arn": "",
            "application_success_feedback_sample_rate": 0,
            "archive_policy": "",
            "arn": "arn:aws:sns:af-south-1:396913737059:cvm-dev-validation-alerts",
            "beginning_archive_time": "",
            "content_based_deduplication": false,
            "delivery_policy": "",
            "display_name": "",
            "fifo_throughput_scope": "",
            "fifo_topic": false,
            "firehose_failure_feedback_role_arn": "",
            "firehose_success_feedback_role_arn": "",
            "firehose_success_feedback_sample_rate": 0,
            "http_failure_feedback_role_arn": "",
            "http_success_feedback_role_arn": "",
            "http_success_feedback_sample_rate": 0,
            "id": "arn:aws:sns:af-south-1:396913737059:cvm-dev-validation-alerts",
            "kms_master_key_id": "",
            "lambda_failure_feedback_role_arn": "",
            "lambda_success_feedback_role_arn": "",
            "lambda_success_feedback_sample_rate": 0,
            "name": "cvm-dev-validation-alerts",
            "name_prefix": "",
            "owner": "396913737059",
            "policy": "{\"Id\":\"__default_policy_ID\",\"Statement\":[{\"Action\":[\"SNS:GetTopicAttributes\",\"SNS:SetTopicAttributes\",\"SNS:AddPermission\",\"SNS:RemovePermission\",\"SNS:DeleteTopic\",\"SNS:Subscribe\",\"SNS:ListSubscriptionsByTopic\",\"SNS:Publish\"],\"Condition\":{\"StringEquals\":{\"AWS:SourceOwner\":\"396913737059\"}},\"Effect\":\"Allow\",\"Principal\":{\"AWS\":\"*\"},\"Resource\":\"arn:aws:sns:af-south-1:396913737059:cvm-dev-validation-alerts\",\"Sid\":\"__default_statement_ID\"}],\"Version\":\"2008-10-17\"}",
            "region": "af-south-1",
            "signature_version": 0,
            "sqs_failure_feedback_role_arn": "",
            "sqs_success_feedback_role_arn": "",
            "sqs_success_feedback_sample_rate": 0,
            "tags": {
              "Environment": "dev",
              "Name": "cvm-dev-validation-alerts"
            },
            "tags_all": {
              "Environment": "dev",
              "Name": "cvm-dev-validation-alerts"
            },
            "tracing_config": ""
          },
          "sensitive_attributes": [],
          "identity_schema_version": 0,
          "identity": {
            "arn": "arn:aws:sns:af-south-1:396913737059:cvm-dev-validation-alerts"
          },
          "private": "bnVsbA=="
        }
      ]
    }
  ],
  "check_results": null
}
