{
  "version": 4,
  "terraform_version": "1.15.6",
  "serial": 25,
  "lineage": "212d29dc-b654-d3b1-db29-e6b4ca58f377",
  "outputs": {
    "platform_kms_key_arn": {
      "value": "arn:aws:kms:af-south-1:396913737059:key/0dcf0266-d9bd-48c9-9e27-b095c936a070",
      "type": "string"
    },
    "private_subnet_ids": {
      "value": [
        "subnet-0d2333f695d6f688f",
        "subnet-0a592ce9b8f45b0d9"
      ],
      "type": [
        "tuple",
        [
          "string",
          "string"
        ]
      ]
    },
    "public_subnet_ids": {
      "value": [
        "subnet-0b294dbc0092df072",
        "subnet-02d3be19ecc81e3da"
      ],
      "type": [
        "tuple",
        [
          "string",
          "string"
        ]
      ]
    },
    "vpc_id": {
      "value": "vpc-06d024d4c88d7431f",
      "type": "string"
    }
  },
  "resources": [
    {
      "module": "module.networking",
      "mode": "data",
      "type": "aws_availability_zones",
      "name": "available",
      "provider": "provider[\"registry.terraform.io/hashicorp/aws\"]",
      "instances": [
        {
          "schema_version": 0,
          "attributes": {
            "all_availability_zones": null,
            "exclude_names": null,
            "exclude_zone_ids": null,
            "filter": null,
            "group_names": [
              "af-south-1-zg-1"
            ],
            "id": "af-south-1",
            "names": [
              "af-south-1a",
              "af-south-1b",
              "af-south-1c"
            ],
            "region": "af-south-1",
            "state": "available",
            "timeouts": null,
            "zone_ids": [
              "afs1-az1",
              "afs1-az2",
              "afs1-az3"
            ]
          },
          "sensitive_attributes": [],
          "identity_schema_version": 0
        }
      ]
    },
    {
      "module": "module.networking",
      "mode": "managed",
      "type": "aws_internet_gateway",
      "name": "this",
      "provider": "provider[\"registry.terraform.io/hashicorp/aws\"]",
      "instances": [
        {
          "schema_version": 0,
          "attributes": {
            "arn": "arn:aws:ec2:af-south-1:396913737059:internet-gateway/igw-0a19606b78a347721",
            "id": "igw-0a19606b78a347721",
            "owner_id": "396913737059",
            "region": "af-south-1",
            "tags": {
              "Environment": "dev",
              "Name": "cvm-dev-igw"
            },
            "tags_all": {
              "Environment": "dev",
              "Name": "cvm-dev-igw"
            },
            "timeouts": null,
            "vpc_id": "vpc-06d024d4c88d7431f"
          },
          "sensitive_attributes": [],
          "identity_schema_version": 0,
          "identity": {
            "account_id": "396913737059",
            "id": "igw-0a19606b78a347721",
            "region": "af-south-1"
          },
          "private": "eyJlMmJmYjczMC1lY2FhLTExZTYtOGY4OC0zNDM2M2JjN2M0YzAiOnsiY3JlYXRlIjoxMjAwMDAwMDAwMDAwLCJkZWxldGUiOjEyMDAwMDAwMDAwMDAsInVwZGF0ZSI6MTIwMDAwMDAwMDAwMH19",
          "dependencies": [
            "module.networking.aws_vpc.this"
          ]
        }
      ]
    },
    {
      "module": "module.networking",
      "mode": "managed",
      "type": "aws_route",
      "name": "public_internet",
      "provider": "provider[\"registry.terraform.io/hashicorp/aws\"]",
      "instances": [
        {
          "schema_version": 0,
          "attributes": {
            "carrier_gateway_id": "",
            "core_network_arn": "",
            "destination_cidr_block": "0.0.0.0/0",
            "destination_ipv6_cidr_block": "",
            "destination_prefix_list_id": "",
            "egress_only_gateway_id": "",
            "gateway_id": "igw-0a19606b78a347721",
            "id": "r-rtb-0b63a1d0d3da699a61080289494",
            "instance_id": "",
            "instance_owner_id": "",
            "local_gateway_id": "",
            "nat_gateway_id": "",
            "network_interface_id": "",
            "odb_network_arn": "",
            "origin": "CreateRoute",
            "region": "af-south-1",
            "route_table_id": "rtb-0b63a1d0d3da699a6",
            "state": "active",
            "timeouts": null,
            "transit_gateway_id": "",
            "vpc_endpoint_id": "",
            "vpc_peering_connection_id": ""
          },
          "sensitive_attributes": [],
          "identity_schema_version": 0,
          "identity": {
            "account_id": "396913737059",
            "destination_cidr_block": "0.0.0.0/0",
            "destination_ipv6_cidr_block": null,
            "destination_prefix_list_id": null,
            "region": "af-south-1",
            "route_table_id": "rtb-0b63a1d0d3da699a6"
          },
          "private": "eyJlMmJmYjczMC1lY2FhLTExZTYtOGY4OC0zNDM2M2JjN2M0YzAiOnsiY3JlYXRlIjozMDAwMDAwMDAwMDAsImRlbGV0ZSI6MzAwMDAwMDAwMDAwLCJ1cGRhdGUiOjEyMDAwMDAwMDAwMH19",
          "dependencies": [
            "module.networking.aws_internet_gateway.this",
            "module.networking.aws_route_table.public",
            "module.networking.aws_vpc.this"
          ]
        }
      ]
    },
    {
      "module": "module.networking",
      "mode": "managed",
      "type": "aws_route_table",
      "name": "private",
      "provider": "provider[\"registry.terraform.io/hashicorp/aws\"]",
      "instances": [
        {
          "schema_version": 0,
          "attributes": {
            "arn": "arn:aws:ec2:af-south-1:396913737059:route-table/rtb-035dd1c001d0beeeb",
            "id": "rtb-035dd1c001d0beeeb",
            "owner_id": "396913737059",
            "propagating_vgws": [],
            "region": "af-south-1",
            "route": [],
            "tags": {
              "Environment": "dev",
              "Name": "cvm-dev-private-rt"
            },
            "tags_all": {
              "Environment": "dev",
              "Name": "cvm-dev-private-rt"
            },
            "timeouts": null,
            "vpc_id": "vpc-06d024d4c88d7431f"
          },
          "sensitive_attributes": [],
          "identity_schema_version": 0,
          "identity": {
            "account_id": "396913737059",
            "id": "rtb-035dd1c001d0beeeb",
            "region": "af-south-1"
          },
          "private": "eyJlMmJmYjczMC1lY2FhLTExZTYtOGY4OC0zNDM2M2JjN2M0YzAiOnsiY3JlYXRlIjozMDAwMDAwMDAwMDAsImRlbGV0ZSI6MzAwMDAwMDAwMDAwLCJ1cGRhdGUiOjEyMDAwMDAwMDAwMH19",
          "dependencies": [
            "module.networking.aws_vpc.this"
          ]
        }
      ]
    },
    {
      "module": "module.networking",
      "mode": "managed",
      "type": "aws_route_table",
      "name": "public",
      "provider": "provider[\"registry.terraform.io/hashicorp/aws\"]",
      "instances": [
        {
          "schema_version": 0,
          "attributes": {
            "arn": "arn:aws:ec2:af-south-1:396913737059:route-table/rtb-0b63a1d0d3da699a6",
            "id": "rtb-0b63a1d0d3da699a6",
            "owner_id": "396913737059",
            "propagating_vgws": [],
            "region": "af-south-1",
            "route": [
              {
                "carrier_gateway_id": "",
                "cidr_block": "0.0.0.0/0",
                "core_network_arn": "",
                "destination_prefix_list_id": "",
                "egress_only_gateway_id": "",
                "gateway_id": "igw-0a19606b78a347721",
                "ipv6_cidr_block": "",
                "local_gateway_id": "",
                "nat_gateway_id": "",
                "network_interface_id": "",
                "odb_network_arn": "",
                "transit_gateway_id": "",
                "vpc_endpoint_id": "",
                "vpc_peering_connection_id": ""
              }
            ],
            "tags": {
              "Environment": "dev",
              "Name": "cvm-dev-public-rt"
            },
            "tags_all": {
              "Environment": "dev",
              "Name": "cvm-dev-public-rt"
            },
            "timeouts": null,
            "vpc_id": "vpc-06d024d4c88d7431f"
          },
          "sensitive_attributes": [],
          "identity_schema_version": 0,
          "identity": {
            "account_id": "396913737059",
            "id": "rtb-0b63a1d0d3da699a6",
            "region": "af-south-1"
          },
          "private": "eyJlMmJmYjczMC1lY2FhLTExZTYtOGY4OC0zNDM2M2JjN2M0YzAiOnsiY3JlYXRlIjozMDAwMDAwMDAwMDAsImRlbGV0ZSI6MzAwMDAwMDAwMDAwLCJ1cGRhdGUiOjEyMDAwMDAwMDAwMH19",
          "dependencies": [
            "module.networking.aws_vpc.this"
          ]
        }
      ]
    },
    {
      "module": "module.networking",
      "mode": "managed",
      "type": "aws_route_table_association",
      "name": "private",
      "provider": "provider[\"registry.terraform.io/hashicorp/aws\"]",
      "instances": [
        {
          "index_key": 0,
          "schema_version": 0,
          "attributes": {
            "gateway_id": "",
            "id": "rtbassoc-0460585bb63cb60f6",
            "region": "af-south-1",
            "route_table_id": "rtb-035dd1c001d0beeeb",
            "subnet_id": "subnet-0d2333f695d6f688f",
            "timeouts": null
          },
          "sensitive_attributes": [],
          "identity_schema_version": 0,
          "identity": {
            "account_id": "396913737059",
            "id": "rtbassoc-0460585bb63cb60f6",
            "region": "af-south-1"
          },
          "private": "eyJlMmJmYjczMC1lY2FhLTExZTYtOGY4OC0zNDM2M2JjN2M0YzAiOnsiY3JlYXRlIjozMDAwMDAwMDAwMDAsImRlbGV0ZSI6MzAwMDAwMDAwMDAwLCJ1cGRhdGUiOjEyMDAwMDAwMDAwMH19",
          "dependencies": [
            "module.networking.aws_route_table.private",
            "module.networking.aws_subnet.private",
            "module.networking.aws_vpc.this",
            "module.networking.data.aws_availability_zones.available"
          ]
        },
        {
          "index_key": 1,
          "schema_version": 0,
          "attributes": {
            "gateway_id": "",
            "id": "rtbassoc-0b13196f2ae7fcf5d",
            "region": "af-south-1",
            "route_table_id": "rtb-035dd1c001d0beeeb",
            "subnet_id": "subnet-0a592ce9b8f45b0d9",
            "timeouts": null
          },
          "sensitive_attributes": [],
          "identity_schema_version": 0,
          "identity": {
            "account_id": "396913737059",
            "id": "rtbassoc-0b13196f2ae7fcf5d",
            "region": "af-south-1"
          },
          "private": "eyJlMmJmYjczMC1lY2FhLTExZTYtOGY4OC0zNDM2M2JjN2M0YzAiOnsiY3JlYXRlIjozMDAwMDAwMDAwMDAsImRlbGV0ZSI6MzAwMDAwMDAwMDAwLCJ1cGRhdGUiOjEyMDAwMDAwMDAwMH19",
          "dependencies": [
            "module.networking.aws_route_table.private",
            "module.networking.aws_subnet.private",
            "module.networking.aws_vpc.this",
            "module.networking.data.aws_availability_zones.available"
          ]
        }
      ]
    },
    {
      "module": "module.networking",
      "mode": "managed",
      "type": "aws_route_table_association",
      "name": "public",
      "provider": "provider[\"registry.terraform.io/hashicorp/aws\"]",
      "instances": [
        {
          "index_key": 0,
          "schema_version": 0,
          "attributes": {
            "gateway_id": "",
            "id": "rtbassoc-0491c7e39c3d501ed",
            "region": "af-south-1",
            "route_table_id": "rtb-0b63a1d0d3da699a6",
            "subnet_id": "subnet-0b294dbc0092df072",
            "timeouts": null
          },
          "sensitive_attributes": [],
          "identity_schema_version": 0,
          "identity": {
            "account_id": "396913737059",
            "id": "rtbassoc-0491c7e39c3d501ed",
            "region": "af-south-1"
          },
          "private": "eyJlMmJmYjczMC1lY2FhLTExZTYtOGY4OC0zNDM2M2JjN2M0YzAiOnsiY3JlYXRlIjozMDAwMDAwMDAwMDAsImRlbGV0ZSI6MzAwMDAwMDAwMDAwLCJ1cGRhdGUiOjEyMDAwMDAwMDAwMH19",
          "dependencies": [
            "module.networking.aws_route_table.public",
            "module.networking.aws_subnet.public",
            "module.networking.aws_vpc.this",
            "module.networking.data.aws_availability_zones.available"
          ]
        },
        {
          "index_key": 1,
          "schema_version": 0,
          "attributes": {
            "gateway_id": "",
            "id": "rtbassoc-085e9a06166a46bd8",
            "region": "af-south-1",
            "route_table_id": "rtb-0b63a1d0d3da699a6",
            "subnet_id": "subnet-02d3be19ecc81e3da",
            "timeouts": null
          },
          "sensitive_attributes": [],
          "identity_schema_version": 0,
          "identity": {
            "account_id": "396913737059",
            "id": "rtbassoc-085e9a06166a46bd8",
            "region": "af-south-1"
          },
          "private": "eyJlMmJmYjczMC1lY2FhLTExZTYtOGY4OC0zNDM2M2JjN2M0YzAiOnsiY3JlYXRlIjozMDAwMDAwMDAwMDAsImRlbGV0ZSI6MzAwMDAwMDAwMDAwLCJ1cGRhdGUiOjEyMDAwMDAwMDAwMH19",
          "dependencies": [
            "module.networking.aws_route_table.public",
            "module.networking.aws_subnet.public",
            "module.networking.aws_vpc.this",
            "module.networking.data.aws_availability_zones.available"
          ]
        }
      ]
    },
    {
      "module": "module.networking",
      "mode": "managed",
      "type": "aws_subnet",
      "name": "private",
      "provider": "provider[\"registry.terraform.io/hashicorp/aws\"]",
      "instances": [
        {
          "index_key": 0,
          "schema_version": 1,
          "attributes": {
            "arn": "arn:aws:ec2:af-south-1:396913737059:subnet/subnet-0d2333f695d6f688f",
            "assign_ipv6_address_on_creation": false,
            "availability_zone": "af-south-1a",
            "availability_zone_id": "afs1-az1",
            "cidr_block": "10.0.11.0/24",
            "customer_owned_ipv4_pool": "",
            "enable_dns64": false,
            "enable_lni_at_device_index": 0,
            "enable_resource_name_dns_a_record_on_launch": false,
            "enable_resource_name_dns_aaaa_record_on_launch": false,
            "id": "subnet-0d2333f695d6f688f",
            "ipv4_ipam_pool_id": null,
            "ipv4_netmask_length": null,
            "ipv6_cidr_block": "",
            "ipv6_cidr_block_association_id": "",
            "ipv6_ipam_pool_id": null,
            "ipv6_native": false,
            "ipv6_netmask_length": null,
            "map_customer_owned_ip_on_launch": false,
            "map_public_ip_on_launch": false,
            "outpost_arn": "",
            "owner_id": "396913737059",
            "private_dns_hostname_type_on_launch": "ip-name",
            "region": "af-south-1",
            "tags": {
              "Environment": "dev",
              "Name": "cvm-dev-private-subnet-1",
              "Type": "private"
            },
            "tags_all": {
              "Environment": "dev",
              "Name": "cvm-dev-private-subnet-1",
              "Type": "private"
            },
            "timeouts": null,
            "vpc_id": "vpc-06d024d4c88d7431f"
          },
          "sensitive_attributes": [],
          "identity_schema_version": 0,
          "identity": {
            "account_id": "396913737059",
            "id": "subnet-0d2333f695d6f688f",
            "region": "af-south-1"
          },
          "private": "eyJlMmJmYjczMC1lY2FhLTExZTYtOGY4OC0zNDM2M2JjN2M0YzAiOnsiY3JlYXRlIjo2MDAwMDAwMDAwMDAsImRlbGV0ZSI6MTIwMDAwMDAwMDAwMH0sInNjaGVtYV92ZXJzaW9uIjoiMSJ9",
          "dependencies": [
            "module.networking.aws_vpc.this",
            "module.networking.data.aws_availability_zones.available"
          ]
        },
        {
          "index_key": 1,
          "schema_version": 1,
          "attributes": {
            "arn": "arn:aws:ec2:af-south-1:396913737059:subnet/subnet-0a592ce9b8f45b0d9",
            "assign_ipv6_address_on_creation": false,
            "availability_zone": "af-south-1b",
            "availability_zone_id": "afs1-az2",
            "cidr_block": "10.0.12.0/24",
            "customer_owned_ipv4_pool": "",
            "enable_dns64": false,
            "enable_lni_at_device_index": 0,
            "enable_resource_name_dns_a_record_on_launch": false,
            "enable_resource_name_dns_aaaa_record_on_launch": false,
            "id": "subnet-0a592ce9b8f45b0d9",
            "ipv4_ipam_pool_id": null,
            "ipv4_netmask_length": null,
            "ipv6_cidr_block": "",
            "ipv6_cidr_block_association_id": "",
            "ipv6_ipam_pool_id": null,
            "ipv6_native": false,
            "ipv6_netmask_length": null,
            "map_customer_owned_ip_on_launch": false,
            "map_public_ip_on_launch": false,
            "outpost_arn": "",
            "owner_id": "396913737059",
            "private_dns_hostname_type_on_launch": "ip-name",
            "region": "af-south-1",
            "tags": {
              "Environment": "dev",
              "Name": "cvm-dev-private-subnet-2",
              "Type": "private"
            },
            "tags_all": {
              "Environment": "dev",
              "Name": "cvm-dev-private-subnet-2",
              "Type": "private"
            },
            "timeouts": null,
            "vpc_id": "vpc-06d024d4c88d7431f"
          },
          "sensitive_attributes": [],
          "identity_schema_version": 0,
          "identity": {
            "account_id": "396913737059",
            "id": "subnet-0a592ce9b8f45b0d9",
            "region": "af-south-1"
          },
          "private": "eyJlMmJmYjczMC1lY2FhLTExZTYtOGY4OC0zNDM2M2JjN2M0YzAiOnsiY3JlYXRlIjo2MDAwMDAwMDAwMDAsImRlbGV0ZSI6MTIwMDAwMDAwMDAwMH0sInNjaGVtYV92ZXJzaW9uIjoiMSJ9",
          "dependencies": [
            "module.networking.aws_vpc.this",
            "module.networking.data.aws_availability_zones.available"
          ]
        }
      ]
    },
    {
      "module": "module.networking",
      "mode": "managed",
      "type": "aws_subnet",
      "name": "public",
      "provider": "provider[\"registry.terraform.io/hashicorp/aws\"]",
      "instances": [
        {
          "index_key": 0,
          "schema_version": 1,
          "attributes": {
            "arn": "arn:aws:ec2:af-south-1:396913737059:subnet/subnet-0b294dbc0092df072",
            "assign_ipv6_address_on_creation": false,
            "availability_zone": "af-south-1a",
            "availability_zone_id": "afs1-az1",
            "cidr_block": "10.0.1.0/24",
            "customer_owned_ipv4_pool": "",
            "enable_dns64": false,
            "enable_lni_at_device_index": 0,
            "enable_resource_name_dns_a_record_on_launch": false,
            "enable_resource_name_dns_aaaa_record_on_launch": false,
            "id": "subnet-0b294dbc0092df072",
            "ipv4_ipam_pool_id": null,
            "ipv4_netmask_length": null,
            "ipv6_cidr_block": "",
            "ipv6_cidr_block_association_id": "",
            "ipv6_ipam_pool_id": null,
            "ipv6_native": false,
            "ipv6_netmask_length": null,
            "map_customer_owned_ip_on_launch": false,
            "map_public_ip_on_launch": true,
            "outpost_arn": "",
            "owner_id": "396913737059",
            "private_dns_hostname_type_on_launch": "ip-name",
            "region": "af-south-1",
            "tags": {
              "Environment": "dev",
              "Name": "cvm-dev-public-subnet-1",
              "Type": "public"
            },
            "tags_all": {
              "Environment": "dev",
              "Name": "cvm-dev-public-subnet-1",
              "Type": "public"
            },
            "timeouts": null,
            "vpc_id": "vpc-06d024d4c88d7431f"
          },
          "sensitive_attributes": [],
          "identity_schema_version": 0,
          "identity": {
            "account_id": "396913737059",
            "id": "subnet-0b294dbc0092df072",
            "region": "af-south-1"
          },
          "private": "eyJlMmJmYjczMC1lY2FhLTExZTYtOGY4OC0zNDM2M2JjN2M0YzAiOnsiY3JlYXRlIjo2MDAwMDAwMDAwMDAsImRlbGV0ZSI6MTIwMDAwMDAwMDAwMH0sInNjaGVtYV92ZXJzaW9uIjoiMSJ9",
          "dependencies": [
            "module.networking.aws_vpc.this",
            "module.networking.data.aws_availability_zones.available"
          ]
        },
        {
          "index_key": 1,
          "schema_version": 1,
          "attributes": {
            "arn": "arn:aws:ec2:af-south-1:396913737059:subnet/subnet-02d3be19ecc81e3da",
            "assign_ipv6_address_on_creation": false,
            "availability_zone": "af-south-1b",
            "availability_zone_id": "afs1-az2",
            "cidr_block": "10.0.2.0/24",
            "customer_owned_ipv4_pool": "",
            "enable_dns64": false,
            "enable_lni_at_device_index": 0,
            "enable_resource_name_dns_a_record_on_launch": false,
            "enable_resource_name_dns_aaaa_record_on_launch": false,
            "id": "subnet-02d3be19ecc81e3da",
            "ipv4_ipam_pool_id": null,
            "ipv4_netmask_length": null,
            "ipv6_cidr_block": "",
            "ipv6_cidr_block_association_id": "",
            "ipv6_ipam_pool_id": null,
            "ipv6_native": false,
            "ipv6_netmask_length": null,
            "map_customer_owned_ip_on_launch": false,
            "map_public_ip_on_launch": true,
            "outpost_arn": "",
            "owner_id": "396913737059",
            "private_dns_hostname_type_on_launch": "ip-name",
            "region": "af-south-1",
            "tags": {
              "Environment": "dev",
              "Name": "cvm-dev-public-subnet-2",
              "Type": "public"
            },
            "tags_all": {
              "Environment": "dev",
              "Name": "cvm-dev-public-subnet-2",
              "Type": "public"
            },
            "timeouts": null,
            "vpc_id": "vpc-06d024d4c88d7431f"
          },
          "sensitive_attributes": [],
          "identity_schema_version": 0,
          "identity": {
            "account_id": "396913737059",
            "id": "subnet-02d3be19ecc81e3da",
            "region": "af-south-1"
          },
          "private": "eyJlMmJmYjczMC1lY2FhLTExZTYtOGY4OC0zNDM2M2JjN2M0YzAiOnsiY3JlYXRlIjo2MDAwMDAwMDAwMDAsImRlbGV0ZSI6MTIwMDAwMDAwMDAwMH0sInNjaGVtYV92ZXJzaW9uIjoiMSJ9",
          "dependencies": [
            "module.networking.aws_vpc.this",
            "module.networking.data.aws_availability_zones.available"
          ]
        }
      ]
    },
    {
      "module": "module.networking",
      "mode": "managed",
      "type": "aws_vpc",
      "name": "this",
      "provider": "provider[\"registry.terraform.io/hashicorp/aws\"]",
      "instances": [
        {
          "schema_version": 1,
          "attributes": {
            "arn": "arn:aws:ec2:af-south-1:396913737059:vpc/vpc-06d024d4c88d7431f",
            "assign_generated_ipv6_cidr_block": false,
            "cidr_block": "10.0.0.0/16",
            "default_network_acl_id": "acl-047dde726d2861b84",
            "default_route_table_id": "rtb-0713bc53ee65a4d31",
            "default_security_group_id": "sg-0940afe0ff3c81b96",
            "dhcp_options_id": "dopt-0967ca4c2191b59d2",
            "enable_dns_hostnames": true,
            "enable_dns_support": true,
            "enable_network_address_usage_metrics": false,
            "id": "vpc-06d024d4c88d7431f",
            "instance_tenancy": "default",
            "ipv4_ipam_pool_id": null,
            "ipv4_netmask_length": null,
            "ipv6_association_id": "",
            "ipv6_cidr_block": "",
            "ipv6_cidr_block_network_border_group": "",
            "ipv6_ipam_pool_id": "",
            "ipv6_netmask_length": 0,
            "main_route_table_id": "rtb-0713bc53ee65a4d31",
            "owner_id": "396913737059",
            "region": "af-south-1",
            "tags": {
              "Environment": "dev",
              "Name": "cvm-dev-vpc"
            },
            "tags_all": {
              "Environment": "dev",
              "Name": "cvm-dev-vpc"
            }
          },
          "sensitive_attributes": [],
          "identity_schema_version": 0,
          "identity": {
            "account_id": "396913737059",
            "id": "vpc-06d024d4c88d7431f",
            "region": "af-south-1"
          },
          "private": "eyJzY2hlbWFfdmVyc2lvbiI6IjEifQ=="
        }
      ]
    },
    {
      "module": "module.s3",
      "mode": "managed",
      "type": "aws_s3_bucket",
      "name": "datalake",
      "provider": "provider[\"registry.terraform.io/hashicorp/aws\"]",
      "instances": [
        {
          "schema_version": 0,
          "attributes": {
            "acceleration_status": "",
            "acl": null,
            "arn": "arn:aws:s3:::falcorp-cvm-dev-datalake",
            "bucket": "falcorp-cvm-dev-datalake",
            "bucket_domain_name": "falcorp-cvm-dev-datalake.s3.amazonaws.com",
            "bucket_namespace": "global",
            "bucket_prefix": "",
            "bucket_region": "af-south-1",
            "bucket_regional_domain_name": "falcorp-cvm-dev-datalake.s3.af-south-1.amazonaws.com",
            "cors_rule": [],
            "force_destroy": false,
            "grant": [
              {
                "id": "34fd5b727c323b9fddee959a040ca65feae215ec56b4ea5d3e6fc7c01f4f5c12",
                "permissions": [
                  "FULL_CONTROL"
                ],
                "type": "CanonicalUser",
                "uri": ""
              }
            ],
            "hosted_zone_id": "Z83WF9RJE8B12",
            "id": "falcorp-cvm-dev-datalake",
            "lifecycle_rule": [],
            "logging": [],
            "object_lock_configuration": [],
            "object_lock_enabled": false,
            "policy": "",
            "region": "af-south-1",
            "replication_configuration": [],
            "request_payer": "BucketOwner",
            "server_side_encryption_configuration": [
              {
                "rule": [
                  {
                    "apply_server_side_encryption_by_default": [
                      {
                        "kms_master_key_id": "",
                        "sse_algorithm": "AES256"
                      }
                    ],
                    "bucket_key_enabled": false
                  }
                ]
              }
            ],
            "tags": {
              "Environment": "dev",
              "Name": "falcorp-cvm-dev-datalake"
            },
            "tags_all": {
              "Environment": "dev",
              "Name": "falcorp-cvm-dev-datalake"
            },
            "timeouts": null,
            "versioning": [
              {
                "enabled": false,
                "mfa_delete": false
              }
            ],
            "website": [],
            "website_domain": null,
            "website_endpoint": null
          },
          "sensitive_attributes": [],
          "identity_schema_version": 0,
          "identity": {
            "account_id": "396913737059",
            "bucket": "falcorp-cvm-dev-datalake",
            "region": "af-south-1"
          },
          "private": "eyJlMmJmYjczMC1lY2FhLTExZTYtOGY4OC0zNDM2M2JjN2M0YzAiOnsiY3JlYXRlIjoxMjAwMDAwMDAwMDAwLCJkZWxldGUiOjM2MDAwMDAwMDAwMDAsInJlYWQiOjEyMDAwMDAwMDAwMDAsInVwZGF0ZSI6MTIwMDAwMDAwMDAwMH19"
        }
      ]
    },
    {
      "module": "module.s3",
      "mode": "managed",
      "type": "aws_s3_bucket_server_side_encryption_configuration",
      "name": "datalake",
      "provider": "provider[\"registry.terraform.io/hashicorp/aws\"]",
      "instances": [
        {
          "schema_version": 0,
          "attributes": {
            "bucket": "falcorp-cvm-dev-datalake",
            "expected_bucket_owner": "",
            "id": "falcorp-cvm-dev-datalake",
            "region": "af-south-1",
            "rule": [
              {
                "apply_server_side_encryption_by_default": [
                  {
                    "kms_master_key_id": "arn:aws:kms:af-south-1:396913737059:key/0dcf0266-d9bd-48c9-9e27-b095c936a070",
                    "sse_algorithm": "aws:kms"
                  }
                ],
                "blocked_encryption_types": [
                  "SSE-C"
                ],
                "bucket_key_enabled": false
              }
            ]
          },
          "sensitive_attributes": [],
          "identity_schema_version": 1,
          "identity": {
            "account_id": "396913737059",
            "bucket": "falcorp-cvm-dev-datalake",
            "region": "af-south-1"
          },
          "private": "bnVsbA==",
          "dependencies": [
            "module.s3.aws_s3_bucket.datalake",
            "module.security.aws_kms_key.platform"
          ]
        }
      ]
    },
    {
      "module": "module.security",
      "mode": "managed",
      "type": "aws_kms_alias",
      "name": "platform",
      "provider": "provider[\"registry.terraform.io/hashicorp/aws\"]",
      "instances": [
        {
          "schema_version": 0,
          "attributes": {
            "arn": "arn:aws:kms:af-south-1:396913737059:alias/cvm-dev-platform-key",
            "id": "alias/cvm-dev-platform-key",
            "name": "alias/cvm-dev-platform-key",
            "name_prefix": "",
            "region": "af-south-1",
            "target_key_arn": "arn:aws:kms:af-south-1:396913737059:key/0dcf0266-d9bd-48c9-9e27-b095c936a070",
            "target_key_id": "0dcf0266-d9bd-48c9-9e27-b095c936a070"
          },
          "sensitive_attributes": [],
          "identity_schema_version": 0,
          "identity": {
            "account_id": "396913737059",
            "name": "alias/cvm-dev-platform-key",
            "region": "af-south-1"
          },
          "private": "bnVsbA==",
          "dependencies": [
            "module.security.aws_kms_key.platform"
          ]
        }
      ]
    },
    {
      "module": "module.security",
      "mode": "managed",
      "type": "aws_kms_key",
      "name": "platform",
      "provider": "provider[\"registry.terraform.io/hashicorp/aws\"]",
      "instances": [
        {
          "schema_version": 0,
          "attributes": {
            "arn": "arn:aws:kms:af-south-1:396913737059:key/0dcf0266-d9bd-48c9-9e27-b095c936a070",
            "bypass_policy_lockout_safety_check": false,
            "custom_key_store_id": "",
            "customer_master_key_spec": "SYMMETRIC_DEFAULT",
            "deletion_window_in_days": 7,
            "description": "CVM dev platform encryption key",
            "enable_key_rotation": true,
            "id": "0dcf0266-d9bd-48c9-9e27-b095c936a070",
            "is_enabled": true,
            "key_id": "0dcf0266-d9bd-48c9-9e27-b095c936a070",
            "key_usage": "ENCRYPT_DECRYPT",
            "multi_region": false,
            "policy": "{\"Id\":\"key-default-1\",\"Statement\":[{\"Action\":\"kms:*\",\"Effect\":\"Allow\",\"Principal\":{\"AWS\":\"arn:aws:iam::396913737059:root\"},\"Resource\":\"*\",\"Sid\":\"Enable IAM User Permissions\"}],\"Version\":\"2012-10-17\"}",
            "region": "af-south-1",
            "rotation_period_in_days": 365,
            "tags": {
              "Environment": "dev",
              "Name": "cvm-dev-platform-key"
            },
            "tags_all": {
              "Environment": "dev",
              "Name": "cvm-dev-platform-key"
            },
            "timeouts": null,
            "xks_key_id": ""
          },
          "sensitive_attributes": [],
          "identity_schema_version": 0,
          "identity": {
            "account_id": "396913737059",
            "id": "0dcf0266-d9bd-48c9-9e27-b095c936a070",
            "region": "af-south-1"
          },
          "private": "eyJlMmJmYjczMC1lY2FhLTExZTYtOGY4OC0zNDM2M2JjN2M0YzAiOnsiY3JlYXRlIjoxMjAwMDAwMDAwMDB9fQ=="
        }
      ]
    }
  ],
  "check_results": null
}
